// !$*UTF8*$!
{
	archiveVersion = 1;
	classes = {
	};
	objectVersion = 50;
	objects = {

/* Begin PBXBuildFile section */
		011A7BCF2189330600E2CEF1 /* AddProviderAccountViewController.swift in Sources */ = {isa = PBXBuildFile; fileRef = 011A7BCE2189330600E2CEF1 /* AddProviderAccountViewController.swift */; };
		011C199521E6C25500490EDD /* BillCell.xib in Resources */ = {isa = PBXBuildFile; fileRef = 011C199421E6C25500490EDD /* BillCell.xib */; };
		011C199721E6C4E500490EDD /* BillCell.swift in Sources */ = {isa = PBXBuildFile; fileRef = 011C199621E6C4E500490EDD /* BillCell.swift */; };
		011C199821E6C4EE00490EDD /* BillCell.swift in Sources */ = {isa = PBXBuildFile; fileRef = 011C199621E6C4E500490EDD /* BillCell.swift */; };
		011C199A21E6C8CE00490EDD /* BillsViewController.swift in Sources */ = {isa = PBXBuildFile; fileRef = 011C199921E6C8CE00490EDD /* BillsViewController.swift */; };
		011C199B21E6C8CE00490EDD /* BillsViewController.swift in Sources */ = {isa = PBXBuildFile; fileRef = 011C199921E6C8CE00490EDD /* BillsViewController.swift */; };
		011C199D21E6EDFE00490EDD /* BillPaymentsViewController.swift in Sources */ = {isa = PBXBuildFile; fileRef = 011C199C21E6EDFE00490EDD /* BillPaymentsViewController.swift */; };
		011C199E21E6EDFE00490EDD /* BillPaymentsViewController.swift in Sources */ = {isa = PBXBuildFile; fileRef = 011C199C21E6EDFE00490EDD /* BillPaymentsViewController.swift */; };
		0135D31F21A526B200318142 /* MessagesViewController.swift in Sources */ = {isa = PBXBuildFile; fileRef = 0135D31E21A526B200318142 /* MessagesViewController.swift */; };
		0135D32021A526B200318142 /* MessagesViewController.swift in Sources */ = {isa = PBXBuildFile; fileRef = 0135D31E21A526B200318142 /* MessagesViewController.swift */; };
		0135D32221A609BD00318142 /* MessageCell.swift in Sources */ = {isa = PBXBuildFile; fileRef = 0135D32121A609BD00318142 /* MessageCell.swift */; };
		0135D32321A609BD00318142 /* MessageCell.swift in Sources */ = {isa = PBXBuildFile; fileRef = 0135D32121A609BD00318142 /* MessageCell.swift */; };
		013BC1E7218AA0C2005A2714 /* AddProviderChoiceCell.swift in Sources */ = {isa = PBXBuildFile; fileRef = 013BC1E6218AA0C2005A2714 /* AddProviderChoiceCell.swift */; };
		013BC1E9218AA30A005A2714 /* AddProviderChoiceView.swift in Sources */ = {isa = PBXBuildFile; fileRef = 013BC1E8218AA30A005A2714 /* AddProviderChoiceView.swift */; };
		013BC1ED218AA62D005A2714 /* AddProviderLoginFieldView.xib in Resources */ = {isa = PBXBuildFile; fileRef = 013BC1EC218AA62D005A2714 /* AddProviderLoginFieldView.xib */; };
		013BC1EF218AA657005A2714 /* AddProviderLoginFieldView.swift in Sources */ = {isa = PBXBuildFile; fileRef = 013BC1EE218AA657005A2714 /* AddProviderLoginFieldView.swift */; };
		013F1F66217829320043BF56 /* ProviderAccountsViewController.swift in Sources */ = {isa = PBXBuildFile; fileRef = 013F1F65217829320043BF56 /* ProviderAccountsViewController.swift */; };
		013F1F67217829320043BF56 /* ProviderAccountsViewController.swift in Sources */ = {isa = PBXBuildFile; fileRef = 013F1F65217829320043BF56 /* ProviderAccountsViewController.swift */; };
		013F1F6921782CC80043BF56 /* StartupViewController.swift in Sources */ = {isa = PBXBuildFile; fileRef = 013F1F6821782CC80043BF56 /* StartupViewController.swift */; };
		013F1F6A21782CC80043BF56 /* StartupViewController.swift in Sources */ = {isa = PBXBuildFile; fileRef = 013F1F6821782CC80043BF56 /* StartupViewController.swift */; };
		013F1F7021784CB10043BF56 /* LoginViewController.swift in Sources */ = {isa = PBXBuildFile; fileRef = 013F1F6F21784CB10043BF56 /* LoginViewController.swift */; };
		013F1F7121784CB10043BF56 /* LoginViewController.swift in Sources */ = {isa = PBXBuildFile; fileRef = 013F1F6F21784CB10043BF56 /* LoginViewController.swift */; };
		015023C82181465100EEB5F2 /* ProvidersViewController.swift in Sources */ = {isa = PBXBuildFile; fileRef = 015023C72181465100EEB5F2 /* ProvidersViewController.swift */; };
		015023C92181465100EEB5F2 /* ProvidersViewController.swift in Sources */ = {isa = PBXBuildFile; fileRef = 015023C72181465100EEB5F2 /* ProvidersViewController.swift */; };
		0150C44622926AB100A18B52 /* CustomV1Authentication.swift in Sources */ = {isa = PBXBuildFile; fileRef = 0150C44522926AB100A18B52 /* CustomV1Authentication.swift */; };
		0150C44722926AB100A18B52 /* CustomV1Authentication.swift in Sources */ = {isa = PBXBuildFile; fileRef = 0150C44522926AB100A18B52 /* CustomV1Authentication.swift */; };
		01527CEA20E1D3B000B5042A /* AppDelegate.swift in Sources */ = {isa = PBXBuildFile; fileRef = 01527CE920E1D3B000B5042A /* AppDelegate.swift */; };
		01527CEC20E1D3B000B5042A /* ViewController.swift in Sources */ = {isa = PBXBuildFile; fileRef = 01527CEB20E1D3B000B5042A /* ViewController.swift */; };
		01527CF120E1D3B200B5042A /* Assets.xcassets in Resources */ = {isa = PBXBuildFile; fileRef = 01527CF020E1D3B200B5042A /* Assets.xcassets */; };
		01568799218AB0B100C961B3 /* AddProviderLoginFieldCell.swift in Sources */ = {isa = PBXBuildFile; fileRef = 01568798218AB0B100C961B3 /* AddProviderLoginFieldCell.swift */; };
		0156879B218BD57900C961B3 /* AccountsViewController.swift in Sources */ = {isa = PBXBuildFile; fileRef = 017E5934218291DA00DC56FF /* AccountsViewController.swift */; };
		0156879C218BD57C00C961B3 /* AddProviderAccountViewController.swift in Sources */ = {isa = PBXBuildFile; fileRef = 011A7BCE2189330600E2CEF1 /* AddProviderAccountViewController.swift */; };
		0156879D218BD58000C961B3 /* MerchantsViewController.swift in Sources */ = {isa = PBXBuildFile; fileRef = 017E59412186906300DC56FF /* MerchantsViewController.swift */; };
		0156879E218BD58B00C961B3 /* TableViewController.swift in Sources */ = {isa = PBXBuildFile; fileRef = 017E59362182945200DC56FF /* TableViewController.swift */; };
		0156879F218BD58F00C961B3 /* TransactionCategoriesViewController.swift in Sources */ = {isa = PBXBuildFile; fileRef = 017E59432186907B00DC56FF /* TransactionCategoriesViewController.swift */; };
		015687A0218BD59100C961B3 /* TransactionDetailsViewController.swift in Sources */ = {isa = PBXBuildFile; fileRef = 017E593F2182DD7800DC56FF /* TransactionDetailsViewController.swift */; };
		015687A1218BD59400C961B3 /* TransactionsViewController.swift in Sources */ = {isa = PBXBuildFile; fileRef = 017E593B2182D03C00DC56FF /* TransactionsViewController.swift */; };
		015687A2218BD5A800C961B3 /* ViewController.swift in Sources */ = {isa = PBXBuildFile; fileRef = 01527CEB20E1D3B000B5042A /* ViewController.swift */; };
		015687A3218BD5B900C961B3 /* AppDelegate.swift in Sources */ = {isa = PBXBuildFile; fileRef = 01527CE920E1D3B000B5042A /* AppDelegate.swift */; };
		015687A4218BD5D400C961B3 /* AccountCell.swift in Sources */ = {isa = PBXBuildFile; fileRef = 017E59392182958900DC56FF /* AccountCell.swift */; };
		015687A5218BD5D600C961B3 /* TransactionCell.swift in Sources */ = {isa = PBXBuildFile; fileRef = 017E593D2182D8D100DC56FF /* TransactionCell.swift */; };
		015687A6218BD5D800C961B3 /* AddProviderChoiceCell.swift in Sources */ = {isa = PBXBuildFile; fileRef = 013BC1E6218AA0C2005A2714 /* AddProviderChoiceCell.swift */; };
		015687A7218BD5DB00C961B3 /* AddProviderChoiceView.swift in Sources */ = {isa = PBXBuildFile; fileRef = 013BC1E8218AA30A005A2714 /* AddProviderChoiceView.swift */; };
		015687A8218BD5DD00C961B3 /* AddProviderLoginFieldView.swift in Sources */ = {isa = PBXBuildFile; fileRef = 013BC1EE218AA657005A2714 /* AddProviderLoginFieldView.swift */; };
		015687A9218BD5DF00C961B3 /* AddProviderLoginFieldCell.swift in Sources */ = {isa = PBXBuildFile; fileRef = 01568798218AB0B100C961B3 /* AddProviderLoginFieldCell.swift */; };
		015687B0218BD8BF00C961B3 /* AddProviderChoiceView.xib in Resources */ = {isa = PBXBuildFile; fileRef = 013BC1EA218AA3C0005A2714 /* AddProviderChoiceView.xib */; };
		015687B1218BF01C00C961B3 /* AddProviderLoginFieldView.xib in Sources */ = {isa = PBXBuildFile; fileRef = 015687AC218BD7B700C961B3 /* AddProviderLoginFieldView.xib */; };
		015687B2218BF01C00C961B3 /* AddProviderChoiceView.xib in Sources */ = {isa = PBXBuildFile; fileRef = 015687AE218BD8A900C961B3 /* AddProviderChoiceView.xib */; };
		015687B3218C152400C961B3 /* Main.storyboard in Resources */ = {isa = PBXBuildFile; fileRef = 018B044F2176E474008C34D7 /* Main.storyboard */; };
		015687B5218C1F4300C961B3 /* ProviderAccountCell.swift in Sources */ = {isa = PBXBuildFile; fileRef = 015687B4218C1F4300C961B3 /* ProviderAccountCell.swift */; };
		015687B6218C1F4300C961B3 /* ProviderAccountCell.swift in Sources */ = {isa = PBXBuildFile; fileRef = 015687B4218C1F4300C961B3 /* ProviderAccountCell.swift */; };
		0159E47421925039002CC3BB /* Assets.xcassets in Resources */ = {isa = PBXBuildFile; fileRef = 01527CF020E1D3B200B5042A /* Assets.xcassets */; };
		017E58CD217ECC2200DC56FF /* FlowManager.swift in Sources */ = {isa = PBXBuildFile; fileRef = 017E58CC217ECC2200DC56FF /* FlowManager.swift */; };
		017E58CE217ECC2200DC56FF /* FlowManager.swift in Sources */ = {isa = PBXBuildFile; fileRef = 017E58CC217ECC2200DC56FF /* FlowManager.swift */; };
		017E5935218291DA00DC56FF /* AccountsViewController.swift in Sources */ = {isa = PBXBuildFile; fileRef = 017E5934218291DA00DC56FF /* AccountsViewController.swift */; };
		017E59372182945200DC56FF /* TableViewController.swift in Sources */ = {isa = PBXBuildFile; fileRef = 017E59362182945200DC56FF /* TableViewController.swift */; };
		017E593A2182958900DC56FF /* AccountCell.swift in Sources */ = {isa = PBXBuildFile; fileRef = 017E59392182958900DC56FF /* AccountCell.swift */; };
		017E593C2182D03C00DC56FF /* TransactionsViewController.swift in Sources */ = {isa = PBXBuildFile; fileRef = 017E593B2182D03C00DC56FF /* TransactionsViewController.swift */; };
		017E593E2182D8D100DC56FF /* TransactionCell.swift in Sources */ = {isa = PBXBuildFile; fileRef = 017E593D2182D8D100DC56FF /* TransactionCell.swift */; };
		017E59402182DD7800DC56FF /* TransactionDetailsViewController.swift in Sources */ = {isa = PBXBuildFile; fileRef = 017E593F2182DD7800DC56FF /* TransactionDetailsViewController.swift */; };
		017E59422186906300DC56FF /* MerchantsViewController.swift in Sources */ = {isa = PBXBuildFile; fileRef = 017E59412186906300DC56FF /* MerchantsViewController.swift */; };
		017E59442186907B00DC56FF /* TransactionCategoriesViewController.swift in Sources */ = {isa = PBXBuildFile; fileRef = 017E59432186907B00DC56FF /* TransactionCategoriesViewController.swift */; };
		018501FC220A472600069D87 /* ReportTypesViewController.swift in Sources */ = {isa = PBXBuildFile; fileRef = 018501FB220A472600069D87 /* ReportTypesViewController.swift */; };
		018501FD220A472600069D87 /* ReportTypesViewController.swift in Sources */ = {isa = PBXBuildFile; fileRef = 018501FB220A472600069D87 /* ReportTypesViewController.swift */; };
		018501FF220A51DD00069D87 /* ReportsAccountListViewController.swift in Sources */ = {isa = PBXBuildFile; fileRef = 018501FE220A51DD00069D87 /* ReportsAccountListViewController.swift */; };
		01850200220A51DD00069D87 /* ReportsAccountListViewController.swift in Sources */ = {isa = PBXBuildFile; fileRef = 018501FE220A51DD00069D87 /* ReportsAccountListViewController.swift */; };
		01850202220A584700069D87 /* AccountBalancesViewController.swift in Sources */ = {isa = PBXBuildFile; fileRef = 01850201220A584700069D87 /* AccountBalancesViewController.swift */; };
		01850203220A584700069D87 /* AccountBalancesViewController.swift in Sources */ = {isa = PBXBuildFile; fileRef = 01850201220A584700069D87 /* AccountBalancesViewController.swift */; };
		01850205220A849100069D87 /* CurrentTransactionsReportGroupingViewController.swift in Sources */ = {isa = PBXBuildFile; fileRef = 01850204220A849100069D87 /* CurrentTransactionsReportGroupingViewController.swift */; };
		01850206220A849100069D87 /* CurrentTransactionsReportGroupingViewController.swift in Sources */ = {isa = PBXBuildFile; fileRef = 01850204220A849100069D87 /* CurrentTransactionsReportGroupingViewController.swift */; };
		01850208220A86C500069D87 /* TransactionReportFormViewController.swift in Sources */ = {isa = PBXBuildFile; fileRef = 01850207220A86C500069D87 /* TransactionReportFormViewController.swift */; };
		01850209220A86C500069D87 /* TransactionReportFormViewController.swift in Sources */ = {isa = PBXBuildFile; fileRef = 01850207220A86C500069D87 /* TransactionReportFormViewController.swift */; };
		0185020E220BABF400069D87 /* HistoryTransactionReportGroupingViewController.swift in Sources */ = {isa = PBXBuildFile; fileRef = 0185020D220BABF400069D87 /* HistoryTransactionReportGroupingViewController.swift */; };
		0185020F220BABF400069D87 /* HistoryTransactionReportGroupingViewController.swift in Sources */ = {isa = PBXBuildFile; fileRef = 0185020D220BABF400069D87 /* HistoryTransactionReportGroupingViewController.swift */; };
		018B04412176E0A5008C34D7 /* FrolloSDK.framework in Frameworks */ = {isa = PBXBuildFile; fileRef = 018B043F2176E0A4008C34D7 /* FrolloSDK.framework */; };
		018B04422176E0A5008C34D7 /* Alamofire.framework in Frameworks */ = {isa = PBXBuildFile; fileRef = 018B04402176E0A4008C34D7 /* Alamofire.framework */; };
		018B04872176E540008C34D7 /* FrolloSDK.framework in Frameworks */ = {isa = PBXBuildFile; fileRef = 018B04852176E540008C34D7 /* FrolloSDK.framework */; };
		018B04882176E540008C34D7 /* Alamofire.framework in Frameworks */ = {isa = PBXBuildFile; fileRef = 018B04862176E540008C34D7 /* Alamofire.framework */; };
		01A7229C22EA9481006136D8 /* GoalTargetViewController.swift in Sources */ = {isa = PBXBuildFile; fileRef = 01A7229B22EA9481006136D8 /* GoalTargetViewController.swift */; };
		01A7229D22EA9481006136D8 /* GoalTargetViewController.swift in Sources */ = {isa = PBXBuildFile; fileRef = 01A7229B22EA9481006136D8 /* GoalTargetViewController.swift */; };
		01A722A022EACEAB006136D8 /* TextFieldCell.swift in Sources */ = {isa = PBXBuildFile; fileRef = 01A7229F22EACEAB006136D8 /* TextFieldCell.swift */; };
		01A722A122EACEAB006136D8 /* TextFieldCell.swift in Sources */ = {isa = PBXBuildFile; fileRef = 01A7229F22EACEAB006136D8 /* TextFieldCell.swift */; };
		01A722A322EAD271006136D8 /* GoalCreateViewController.swift in Sources */ = {isa = PBXBuildFile; fileRef = 01A722A222EAD271006136D8 /* GoalCreateViewController.swift */; };
		01A722A422EAD271006136D8 /* GoalCreateViewController.swift in Sources */ = {isa = PBXBuildFile; fileRef = 01A722A222EAD271006136D8 /* GoalCreateViewController.swift */; };
		01A722A622EE7842006136D8 /* AmountCell.swift in Sources */ = {isa = PBXBuildFile; fileRef = 01A722A522EE7842006136D8 /* AmountCell.swift */; };
		01A722A722EE7842006136D8 /* AmountCell.swift in Sources */ = {isa = PBXBuildFile; fileRef = 01A722A522EE7842006136D8 /* AmountCell.swift */; };
		01A722A922EE8A2F006136D8 /* GoalOptionViewController.swift in Sources */ = {isa = PBXBuildFile; fileRef = 01A722A822EE8A2F006136D8 /* GoalOptionViewController.swift */; };
		01A722AA22EE8A2F006136D8 /* GoalOptionViewController.swift in Sources */ = {isa = PBXBuildFile; fileRef = 01A722A822EE8A2F006136D8 /* GoalOptionViewController.swift */; };
		01A722AC22EFB07C006136D8 /* GoalListCell.swift in Sources */ = {isa = PBXBuildFile; fileRef = 01A722AB22EFB07C006136D8 /* GoalListCell.swift */; };
		01A722AD22EFB07C006136D8 /* GoalListCell.swift in Sources */ = {isa = PBXBuildFile; fileRef = 01A722AB22EFB07C006136D8 /* GoalListCell.swift */; };
		01A722AF22EFB77B006136D8 /* GoalListViewController.swift in Sources */ = {isa = PBXBuildFile; fileRef = 01A722AE22EFB77B006136D8 /* GoalListViewController.swift */; };
		01A722B022EFB77B006136D8 /* GoalListViewController.swift in Sources */ = {isa = PBXBuildFile; fileRef = 01A722AE22EFB77B006136D8 /* GoalListViewController.swift */; };
		01A722B222EFDD24006136D8 /* GoalDetailsViewController.swift in Sources */ = {isa = PBXBuildFile; fileRef = 01A722B122EFDD24006136D8 /* GoalDetailsViewController.swift */; };
		01A722B322EFDD24006136D8 /* GoalDetailsViewController.swift in Sources */ = {isa = PBXBuildFile; fileRef = 01A722B122EFDD24006136D8 /* GoalDetailsViewController.swift */; };
		01A722B522EFF40F006136D8 /* GoalPeriodCell.swift in Sources */ = {isa = PBXBuildFile; fileRef = 01A722B422EFF40F006136D8 /* GoalPeriodCell.swift */; };
		01A722B622EFF40F006136D8 /* GoalPeriodCell.swift in Sources */ = {isa = PBXBuildFile; fileRef = 01A722B422EFF40F006136D8 /* GoalPeriodCell.swift */; };
		01A722B922F01752006136D8 /* LaunchScreen.storyboard in Resources */ = {isa = PBXBuildFile; fileRef = 01A722B722F01752006136D8 /* LaunchScreen.storyboard */; };
		01A722BA22F01752006136D8 /* Main.storyboard in Resources */ = {isa = PBXBuildFile; fileRef = 01A722B822F01752006136D8 /* Main.storyboard */; };
		01E5BF90222DEACD003D85FD /* SetupManager.swift in Sources */ = {isa = PBXBuildFile; fileRef = 01E5BF8F222DEACD003D85FD /* SetupManager.swift */; };
		01E5BF91222DEACD003D85FD /* SetupManager.swift in Sources */ = {isa = PBXBuildFile; fileRef = 01E5BF8F222DEACD003D85FD /* SetupManager.swift */; };
		01E5BF93222DEB70003D85FD /* Settings.bundle in Resources */ = {isa = PBXBuildFile; fileRef = 01E5BF92222DEB70003D85FD /* Settings.bundle */; };
		01F86C4E23AAF70B00FECC1B /* AppCenter.framework in Frameworks */ = {isa = PBXBuildFile; fileRef = 01F86C4A23AAF70B00FECC1B /* AppCenter.framework */; };
		01F86C4F23AAF70B00FECC1B /* AppCenter.framework in Embed Frameworks */ = {isa = PBXBuildFile; fileRef = 01F86C4A23AAF70B00FECC1B /* AppCenter.framework */; settings = {ATTRIBUTES = (CodeSignOnCopy, RemoveHeadersOnCopy, ); }; };
		01F86C5023AAF70B00FECC1B /* AppCenterDistribute.framework in Frameworks */ = {isa = PBXBuildFile; fileRef = 01F86C4B23AAF70B00FECC1B /* AppCenterDistribute.framework */; };
		01F86C5123AAF70B00FECC1B /* AppCenterDistribute.framework in Embed Frameworks */ = {isa = PBXBuildFile; fileRef = 01F86C4B23AAF70B00FECC1B /* AppCenterDistribute.framework */; settings = {ATTRIBUTES = (CodeSignOnCopy, RemoveHeadersOnCopy, ); }; };
		01F86C5223AAF70B00FECC1B /* AppCenterAnalytics.framework in Frameworks */ = {isa = PBXBuildFile; fileRef = 01F86C4C23AAF70B00FECC1B /* AppCenterAnalytics.framework */; };
		01F86C5323AAF70B00FECC1B /* AppCenterAnalytics.framework in Embed Frameworks */ = {isa = PBXBuildFile; fileRef = 01F86C4C23AAF70B00FECC1B /* AppCenterAnalytics.framework */; settings = {ATTRIBUTES = (CodeSignOnCopy, RemoveHeadersOnCopy, ); }; };
		01F86C5423AAF70B00FECC1B /* AppCenterCrashes.framework in Frameworks */ = {isa = PBXBuildFile; fileRef = 01F86C4D23AAF70B00FECC1B /* AppCenterCrashes.framework */; };
		01F86C5523AAF70B00FECC1B /* AppCenterCrashes.framework in Embed Frameworks */ = {isa = PBXBuildFile; fileRef = 01F86C4D23AAF70B00FECC1B /* AppCenterCrashes.framework */; settings = {ATTRIBUTES = (CodeSignOnCopy, RemoveHeadersOnCopy, ); }; };
		034BD7FA239F168000142B7A /* Reports.swift in Sources */ = {isa = PBXBuildFile; fileRef = 034BD7F9239F168000142B7A /* Reports.swift */; };
		03A79DFC23A84A85009C01C2 /* TransactionsReportTableViewController.swift in Sources */ = {isa = PBXBuildFile; fileRef = 03A79DFB23A84A85009C01C2 /* TransactionsReportTableViewController.swift */; };
		03A79E0623A84BBE009C01C2 /* ReportItemTableViewCell.swift in Sources */ = {isa = PBXBuildFile; fileRef = 03A79E0523A84BBE009C01C2 /* ReportItemTableViewCell.swift */; };
		03A79E0923A850B6009C01C2 /* SelectionTableViewController.swift in Sources */ = {isa = PBXBuildFile; fileRef = 03A79E0823A850B6009C01C2 /* SelectionTableViewController.swift */; };
		03A79E1323A8557B009C01C2 /* TransactionReportFormViewModel.swift in Sources */ = {isa = PBXBuildFile; fileRef = 03A79E1223A8557B009C01C2 /* TransactionReportFormViewModel.swift */; };
		03B4711622825D9700DD773C /* TagsCollectionView.swift in Sources */ = {isa = PBXBuildFile; fileRef = 03B4711522825D9700DD773C /* TagsCollectionView.swift */; };
		03B4711822829DD700DD773C /* UserTagsViewController.swift in Sources */ = {isa = PBXBuildFile; fileRef = 03B4711722829DD700DD773C /* UserTagsViewController.swift */; };
		03B4711922829DDB00DD773C /* UserTagsViewController.swift in Sources */ = {isa = PBXBuildFile; fileRef = 03B4711722829DD700DD773C /* UserTagsViewController.swift */; };
		03B4711B22829F1100DD773C /* UserTagCell.swift in Sources */ = {isa = PBXBuildFile; fileRef = 03B4711A22829F1100DD773C /* UserTagCell.swift */; };
		03B4711D2282A69D00DD773C /* UIViewController+SearchController.swift in Sources */ = {isa = PBXBuildFile; fileRef = 03B4711C2282A69D00DD773C /* UIViewController+SearchController.swift */; };
		03B4711E2282A69D00DD773C /* UIViewController+SearchController.swift in Sources */ = {isa = PBXBuildFile; fileRef = 03B4711C2282A69D00DD773C /* UIViewController+SearchController.swift */; };
		03B471212282B77800DD773C /* DateFormatterExtensions.swift in Sources */ = {isa = PBXBuildFile; fileRef = 03B471202282B77800DD773C /* DateFormatterExtensions.swift */; };
		03B471222282B77800DD773C /* DateFormatterExtensions.swift in Sources */ = {isa = PBXBuildFile; fileRef = 03B471202282B77800DD773C /* DateFormatterExtensions.swift */; };
		03B471242283B0E100DD773C /* SuggestedTagCell.swift in Sources */ = {isa = PBXBuildFile; fileRef = 03B471232283B0E100DD773C /* SuggestedTagCell.swift */; };
		03B471252283B0EB00DD773C /* TagsCollectionView.swift in Sources */ = {isa = PBXBuildFile; fileRef = 03B4711522825D9700DD773C /* TagsCollectionView.swift */; };
		03B471262283B0ED00DD773C /* UserTagCell.swift in Sources */ = {isa = PBXBuildFile; fileRef = 03B4711A22829F1100DD773C /* UserTagCell.swift */; };
		03B471272283B0EF00DD773C /* SuggestedTagCell.swift in Sources */ = {isa = PBXBuildFile; fileRef = 03B471232283B0E100DD773C /* SuggestedTagCell.swift */; };
		03B471292283B2B300DD773C /* SuggestedTagsViewController.swift in Sources */ = {isa = PBXBuildFile; fileRef = 03B471282283B2B300DD773C /* SuggestedTagsViewController.swift */; };
		03B4712A2283B2B300DD773C /* SuggestedTagsViewController.swift in Sources */ = {isa = PBXBuildFile; fileRef = 03B471282283B2B300DD773C /* SuggestedTagsViewController.swift */; };
		03D806D523A869EE003882E4 /* ReportFormItemTableViewCell.swift in Sources */ = {isa = PBXBuildFile; fileRef = 03D806D423A869EE003882E4 /* ReportFormItemTableViewCell.swift */; };
		1311C2FA2508703E008051E5 /* TransactionPaginationViewController.swift in Sources */ = {isa = PBXBuildFile; fileRef = 1311C2F92508703E008051E5 /* TransactionPaginationViewController.swift */; };
		1314DCBA239E038C00B9FD16 /* BudgetCreateType.swift in Sources */ = {isa = PBXBuildFile; fileRef = 1314DCB9239E038C00B9FD16 /* BudgetCreateType.swift */; };
		1314DCBB239E038C00B9FD16 /* BudgetCreateType.swift in Sources */ = {isa = PBXBuildFile; fileRef = 1314DCB9239E038C00B9FD16 /* BudgetCreateType.swift */; };
		133B024F23A9B1570067D6FA /* GlobalConstants.swift in Sources */ = {isa = PBXBuildFile; fileRef = 133B024E23A9B1570067D6FA /* GlobalConstants.swift */; };
		133B025023A9B1570067D6FA /* GlobalConstants.swift in Sources */ = {isa = PBXBuildFile; fileRef = 133B024E23A9B1570067D6FA /* GlobalConstants.swift */; };
		133B025223A9B5870067D6FA /* ViewControllers.swift in Sources */ = {isa = PBXBuildFile; fileRef = 133B025123A9B5870067D6FA /* ViewControllers.swift */; };
		133B025323A9B5870067D6FA /* ViewControllers.swift in Sources */ = {isa = PBXBuildFile; fileRef = 133B025123A9B5870067D6FA /* ViewControllers.swift */; };
		13CFDAA82398AA0B00559476 /* MoreViewController.swift in Sources */ = {isa = PBXBuildFile; fileRef = 13CFDAA72398AA0B00559476 /* MoreViewController.swift */; };
		13CFDAA92398AA0B00559476 /* MoreViewController.swift in Sources */ = {isa = PBXBuildFile; fileRef = 13CFDAA72398AA0B00559476 /* MoreViewController.swift */; };
		13CFDAAB2398AFAE00559476 /* Budgets.storyboard in Resources */ = {isa = PBXBuildFile; fileRef = 13CFDAAA2398AFAE00559476 /* Budgets.storyboard */; };
		13CFDAAC2398AFAE00559476 /* Budgets.storyboard in Resources */ = {isa = PBXBuildFile; fileRef = 13CFDAAA2398AFAE00559476 /* Budgets.storyboard */; };
		13CFDAAF2398B11D00559476 /* BudgetCell.swift in Sources */ = {isa = PBXBuildFile; fileRef = 13CFDAAE2398B11D00559476 /* BudgetCell.swift */; };
		13CFDAB02398B11D00559476 /* BudgetCell.swift in Sources */ = {isa = PBXBuildFile; fileRef = 13CFDAAE2398B11D00559476 /* BudgetCell.swift */; };
		13CFDAB22398B55C00559476 /* BudgetListViewController.swift in Sources */ = {isa = PBXBuildFile; fileRef = 13CFDAB12398B55C00559476 /* BudgetListViewController.swift */; };
		13CFDAB32398B55C00559476 /* BudgetListViewController.swift in Sources */ = {isa = PBXBuildFile; fileRef = 13CFDAB12398B55C00559476 /* BudgetListViewController.swift */; };
		13CFDAB62398B93F00559476 /* BudgetDetailsViewController.swift in Sources */ = {isa = PBXBuildFile; fileRef = 13CFDAB52398B93F00559476 /* BudgetDetailsViewController.swift */; };
		13CFDAB72398B93F00559476 /* BudgetDetailsViewController.swift in Sources */ = {isa = PBXBuildFile; fileRef = 13CFDAB52398B93F00559476 /* BudgetDetailsViewController.swift */; };
		13CFDAB92398C34A00559476 /* BudgetPeriodCell.swift in Sources */ = {isa = PBXBuildFile; fileRef = 13CFDAB82398C34A00559476 /* BudgetPeriodCell.swift */; };
		13CFDABA2398C34A00559476 /* BudgetPeriodCell.swift in Sources */ = {isa = PBXBuildFile; fileRef = 13CFDAB82398C34A00559476 /* BudgetPeriodCell.swift */; };
		13CFDABC2398C6E500559476 /* BudgetCreateViewController.swift in Sources */ = {isa = PBXBuildFile; fileRef = 13CFDABB2398C6E500559476 /* BudgetCreateViewController.swift */; };
		13CFDABD2398C6E500559476 /* BudgetCreateViewController.swift in Sources */ = {isa = PBXBuildFile; fileRef = 13CFDABB2398C6E500559476 /* BudgetCreateViewController.swift */; };
		13CFDABF2398D84B00559476 /* BaseViewController.swift in Sources */ = {isa = PBXBuildFile; fileRef = 13CFDABE2398D84B00559476 /* BaseViewController.swift */; };
		2F16C955223F00B2005F178D /* SurveyAnswerTableCell.swift in Sources */ = {isa = PBXBuildFile; fileRef = 2F16C954223F00B2005F178D /* SurveyAnswerTableCell.swift */; };
		2F16C957223F1D7D005F178D /* FrolloSlider.swift in Sources */ = {isa = PBXBuildFile; fileRef = 2F16C956223F1D7D005F178D /* FrolloSlider.swift */; };
		2F657DB9223B6FBD00471B85 /* Surveys.storyboard in Resources */ = {isa = PBXBuildFile; fileRef = 2F657DB8223B6FBD00471B85 /* Surveys.storyboard */; };
		2F657DBC223B715800471B85 /* SurveyViewController.swift in Sources */ = {isa = PBXBuildFile; fileRef = 2F657DBB223B715800471B85 /* SurveyViewController.swift */; };
		2F657DBE223B765900471B85 /* SurveyMultipleChoiceViewController.swift in Sources */ = {isa = PBXBuildFile; fileRef = 2F657DBD223B765900471B85 /* SurveyMultipleChoiceViewController.swift */; };
		2F657DC0223B766700471B85 /* SurveySliderViewController.swift in Sources */ = {isa = PBXBuildFile; fileRef = 2F657DBF223B766700471B85 /* SurveySliderViewController.swift */; };
		2FE180062248574F00B87AAB /* UIExtensions.swift in Sources */ = {isa = PBXBuildFile; fileRef = 2FE180052248574F00B87AAB /* UIExtensions.swift */; };
/* End PBXBuildFile section */

/* Begin PBXCopyFilesBuildPhase section */
		01F86C5623AAF70C00FECC1B /* Embed Frameworks */ = {
			isa = PBXCopyFilesBuildPhase;
			buildActionMask = 2147483647;
			dstPath = "";
			dstSubfolderSpec = 10;
			files = (
				01F86C5123AAF70B00FECC1B /* AppCenterDistribute.framework in Embed Frameworks */,
				01F86C5523AAF70B00FECC1B /* AppCenterCrashes.framework in Embed Frameworks */,
				01F86C5323AAF70B00FECC1B /* AppCenterAnalytics.framework in Embed Frameworks */,
				01F86C4F23AAF70B00FECC1B /* AppCenter.framework in Embed Frameworks */,
			);
			name = "Embed Frameworks";
			runOnlyForDeploymentPostprocessing = 0;
		};
/* End PBXCopyFilesBuildPhase section */

/* Begin PBXFileReference section */
		011A7BCE2189330600E2CEF1 /* AddProviderAccountViewController.swift */ = {isa = PBXFileReference; lastKnownFileType = sourcecode.swift; path = AddProviderAccountViewController.swift; sourceTree = "<group>"; };
		011C199421E6C25500490EDD /* BillCell.xib */ = {isa = PBXFileReference; lastKnownFileType = file.xib; path = BillCell.xib; sourceTree = "<group>"; };
		011C199621E6C4E500490EDD /* BillCell.swift */ = {isa = PBXFileReference; lastKnownFileType = sourcecode.swift; path = BillCell.swift; sourceTree = "<group>"; };
		011C199921E6C8CE00490EDD /* BillsViewController.swift */ = {isa = PBXFileReference; lastKnownFileType = sourcecode.swift; path = BillsViewController.swift; sourceTree = "<group>"; };
		011C199C21E6EDFE00490EDD /* BillPaymentsViewController.swift */ = {isa = PBXFileReference; lastKnownFileType = sourcecode.swift; path = BillPaymentsViewController.swift; sourceTree = "<group>"; };
		0135D31D21A50D0E00318142 /* FrolloSDK iOS Example.entitlements */ = {isa = PBXFileReference; lastKnownFileType = text.plist.entitlements; path = "FrolloSDK iOS Example.entitlements"; sourceTree = "<group>"; };
		0135D31E21A526B200318142 /* MessagesViewController.swift */ = {isa = PBXFileReference; lastKnownFileType = sourcecode.swift; path = MessagesViewController.swift; sourceTree = "<group>"; };
		0135D32121A609BD00318142 /* MessageCell.swift */ = {isa = PBXFileReference; lastKnownFileType = sourcecode.swift; path = MessageCell.swift; sourceTree = "<group>"; };
		013BC1E6218AA0C2005A2714 /* AddProviderChoiceCell.swift */ = {isa = PBXFileReference; lastKnownFileType = sourcecode.swift; path = AddProviderChoiceCell.swift; sourceTree = "<group>"; };
		013BC1E8218AA30A005A2714 /* AddProviderChoiceView.swift */ = {isa = PBXFileReference; lastKnownFileType = sourcecode.swift; path = AddProviderChoiceView.swift; sourceTree = "<group>"; };
		013BC1EA218AA3C0005A2714 /* AddProviderChoiceView.xib */ = {isa = PBXFileReference; lastKnownFileType = file.xib; path = AddProviderChoiceView.xib; sourceTree = "<group>"; };
		013BC1EC218AA62D005A2714 /* AddProviderLoginFieldView.xib */ = {isa = PBXFileReference; lastKnownFileType = file.xib; path = AddProviderLoginFieldView.xib; sourceTree = "<group>"; };
		013BC1EE218AA657005A2714 /* AddProviderLoginFieldView.swift */ = {isa = PBXFileReference; lastKnownFileType = sourcecode.swift; path = AddProviderLoginFieldView.swift; sourceTree = "<group>"; };
		013F1F65217829320043BF56 /* ProviderAccountsViewController.swift */ = {isa = PBXFileReference; lastKnownFileType = sourcecode.swift; path = ProviderAccountsViewController.swift; sourceTree = "<group>"; };
		013F1F6821782CC80043BF56 /* StartupViewController.swift */ = {isa = PBXFileReference; lastKnownFileType = sourcecode.swift; path = StartupViewController.swift; sourceTree = "<group>"; };
		013F1F6F21784CB10043BF56 /* LoginViewController.swift */ = {isa = PBXFileReference; lastKnownFileType = sourcecode.swift; path = LoginViewController.swift; sourceTree = "<group>"; };
		015023C72181465100EEB5F2 /* ProvidersViewController.swift */ = {isa = PBXFileReference; lastKnownFileType = sourcecode.swift; path = ProvidersViewController.swift; sourceTree = "<group>"; };
		0150C44522926AB100A18B52 /* CustomV1Authentication.swift */ = {isa = PBXFileReference; lastKnownFileType = sourcecode.swift; path = CustomV1Authentication.swift; sourceTree = "<group>"; };
		01527CE620E1D3B000B5042A /* FrolloSDK iOS Example.app */ = {isa = PBXFileReference; explicitFileType = wrapper.application; includeInIndex = 0; path = "FrolloSDK iOS Example.app"; sourceTree = BUILT_PRODUCTS_DIR; };
		01527CE920E1D3B000B5042A /* AppDelegate.swift */ = {isa = PBXFileReference; lastKnownFileType = sourcecode.swift; path = AppDelegate.swift; sourceTree = "<group>"; };
		01527CEB20E1D3B000B5042A /* ViewController.swift */ = {isa = PBXFileReference; lastKnownFileType = sourcecode.swift; path = ViewController.swift; sourceTree = "<group>"; };
		01527CF020E1D3B200B5042A /* Assets.xcassets */ = {isa = PBXFileReference; lastKnownFileType = folder.assetcatalog; path = Assets.xcassets; sourceTree = "<group>"; };
		01527CF520E1D3B200B5042A /* Info.plist */ = {isa = PBXFileReference; lastKnownFileType = text.plist.xml; path = Info.plist; sourceTree = "<group>"; };
		01568798218AB0B100C961B3 /* AddProviderLoginFieldCell.swift */ = {isa = PBXFileReference; lastKnownFileType = sourcecode.swift; path = AddProviderLoginFieldCell.swift; sourceTree = "<group>"; };
		015687AC218BD7B700C961B3 /* AddProviderLoginFieldView.xib */ = {isa = PBXFileReference; lastKnownFileType = file.xib; path = AddProviderLoginFieldView.xib; sourceTree = "<group>"; };
		015687AE218BD8A900C961B3 /* AddProviderChoiceView.xib */ = {isa = PBXFileReference; lastKnownFileType = file.xib; name = AddProviderChoiceView.xib; path = "FrolloSDK tvOS Example/Resources/AddProviderChoiceView.xib"; sourceTree = SOURCE_ROOT; };
		015687B4218C1F4300C961B3 /* ProviderAccountCell.swift */ = {isa = PBXFileReference; lastKnownFileType = sourcecode.swift; path = ProviderAccountCell.swift; sourceTree = "<group>"; };
		017E58CC217ECC2200DC56FF /* FlowManager.swift */ = {isa = PBXFileReference; lastKnownFileType = sourcecode.swift; path = FlowManager.swift; sourceTree = "<group>"; };
		017E5934218291DA00DC56FF /* AccountsViewController.swift */ = {isa = PBXFileReference; lastKnownFileType = sourcecode.swift; path = AccountsViewController.swift; sourceTree = "<group>"; };
		017E59362182945200DC56FF /* TableViewController.swift */ = {isa = PBXFileReference; lastKnownFileType = sourcecode.swift; path = TableViewController.swift; sourceTree = "<group>"; };
		017E59392182958900DC56FF /* AccountCell.swift */ = {isa = PBXFileReference; lastKnownFileType = sourcecode.swift; path = AccountCell.swift; sourceTree = "<group>"; };
		017E593B2182D03C00DC56FF /* TransactionsViewController.swift */ = {isa = PBXFileReference; lastKnownFileType = sourcecode.swift; path = TransactionsViewController.swift; sourceTree = "<group>"; };
		017E593D2182D8D100DC56FF /* TransactionCell.swift */ = {isa = PBXFileReference; lastKnownFileType = sourcecode.swift; path = TransactionCell.swift; sourceTree = "<group>"; };
		017E593F2182DD7800DC56FF /* TransactionDetailsViewController.swift */ = {isa = PBXFileReference; lastKnownFileType = sourcecode.swift; path = TransactionDetailsViewController.swift; sourceTree = "<group>"; };
		017E59412186906300DC56FF /* MerchantsViewController.swift */ = {isa = PBXFileReference; lastKnownFileType = sourcecode.swift; path = MerchantsViewController.swift; sourceTree = "<group>"; };
		017E59432186907B00DC56FF /* TransactionCategoriesViewController.swift */ = {isa = PBXFileReference; lastKnownFileType = sourcecode.swift; path = TransactionCategoriesViewController.swift; sourceTree = "<group>"; };
		018501FB220A472600069D87 /* ReportTypesViewController.swift */ = {isa = PBXFileReference; lastKnownFileType = sourcecode.swift; path = ReportTypesViewController.swift; sourceTree = "<group>"; };
		018501FE220A51DD00069D87 /* ReportsAccountListViewController.swift */ = {isa = PBXFileReference; lastKnownFileType = sourcecode.swift; path = ReportsAccountListViewController.swift; sourceTree = "<group>"; };
		01850201220A584700069D87 /* AccountBalancesViewController.swift */ = {isa = PBXFileReference; lastKnownFileType = sourcecode.swift; path = AccountBalancesViewController.swift; sourceTree = "<group>"; };
		01850204220A849100069D87 /* CurrentTransactionsReportGroupingViewController.swift */ = {isa = PBXFileReference; lastKnownFileType = sourcecode.swift; path = CurrentTransactionsReportGroupingViewController.swift; sourceTree = "<group>"; };
		01850207220A86C500069D87 /* TransactionReportFormViewController.swift */ = {isa = PBXFileReference; lastKnownFileType = sourcecode.swift; path = TransactionReportFormViewController.swift; sourceTree = "<group>"; };
		0185020D220BABF400069D87 /* HistoryTransactionReportGroupingViewController.swift */ = {isa = PBXFileReference; lastKnownFileType = sourcecode.swift; path = HistoryTransactionReportGroupingViewController.swift; sourceTree = "<group>"; };
		018B043D2176E09A008C34D7 /* Cartfile */ = {isa = PBXFileReference; lastKnownFileType = text; path = Cartfile; sourceTree = "<group>"; };
		018B043E2176E09A008C34D7 /* Package.swift */ = {isa = PBXFileReference; lastKnownFileType = sourcecode.swift; path = Package.swift; sourceTree = "<group>"; };
		018B043F2176E0A4008C34D7 /* FrolloSDK.framework */ = {isa = PBXFileReference; lastKnownFileType = wrapper.framework; name = FrolloSDK.framework; path = Carthage/Build/iOS/FrolloSDK.framework; sourceTree = "<group>"; };
		018B04402176E0A4008C34D7 /* Alamofire.framework */ = {isa = PBXFileReference; lastKnownFileType = wrapper.framework; name = Alamofire.framework; path = Carthage/Build/iOS/Alamofire.framework; sourceTree = "<group>"; };
		018B04472176E474008C34D7 /* FrolloSDK tvOS Example.app */ = {isa = PBXFileReference; explicitFileType = wrapper.application; includeInIndex = 0; path = "FrolloSDK tvOS Example.app"; sourceTree = BUILT_PRODUCTS_DIR; };
		018B04502176E474008C34D7 /* Base */ = {isa = PBXFileReference; lastKnownFileType = file.storyboard; name = Base; path = Base.lproj/Main.storyboard; sourceTree = "<group>"; };
		018B04542176E476008C34D7 /* Info.plist */ = {isa = PBXFileReference; lastKnownFileType = text.plist.xml; path = Info.plist; sourceTree = "<group>"; };
		018B04852176E540008C34D7 /* FrolloSDK.framework */ = {isa = PBXFileReference; lastKnownFileType = wrapper.framework; name = FrolloSDK.framework; path = Carthage/Build/tvOS/FrolloSDK.framework; sourceTree = "<group>"; };
		018B04862176E540008C34D7 /* Alamofire.framework */ = {isa = PBXFileReference; lastKnownFileType = wrapper.framework; name = Alamofire.framework; path = Carthage/Build/tvOS/Alamofire.framework; sourceTree = "<group>"; };
		018B04BA21770FC9008C34D7 /* FrolloSDK.framework */ = {isa = PBXFileReference; lastKnownFileType = wrapper.framework; name = FrolloSDK.framework; path = Carthage/Build/watchOS/FrolloSDK.framework; sourceTree = "<group>"; };
		018B04BC21770FD7008C34D7 /* Alamofire.framework */ = {isa = PBXFileReference; lastKnownFileType = wrapper.framework; name = Alamofire.framework; path = Carthage/Build/watchOS/Alamofire.framework; sourceTree = "<group>"; };
		01A7229B22EA9481006136D8 /* GoalTargetViewController.swift */ = {isa = PBXFileReference; lastKnownFileType = sourcecode.swift; path = GoalTargetViewController.swift; sourceTree = "<group>"; };
		01A7229F22EACEAB006136D8 /* TextFieldCell.swift */ = {isa = PBXFileReference; lastKnownFileType = sourcecode.swift; path = TextFieldCell.swift; sourceTree = "<group>"; };
		01A722A222EAD271006136D8 /* GoalCreateViewController.swift */ = {isa = PBXFileReference; lastKnownFileType = sourcecode.swift; path = GoalCreateViewController.swift; sourceTree = "<group>"; };
		01A722A522EE7842006136D8 /* AmountCell.swift */ = {isa = PBXFileReference; lastKnownFileType = sourcecode.swift; path = AmountCell.swift; sourceTree = "<group>"; };
		01A722A822EE8A2F006136D8 /* GoalOptionViewController.swift */ = {isa = PBXFileReference; lastKnownFileType = sourcecode.swift; name = GoalOptionViewController.swift; path = Shared/Sources/Controllers/Goals/GoalOptionViewController.swift; sourceTree = SOURCE_ROOT; };
		01A722AB22EFB07C006136D8 /* GoalListCell.swift */ = {isa = PBXFileReference; lastKnownFileType = sourcecode.swift; path = GoalListCell.swift; sourceTree = "<group>"; };
		01A722AE22EFB77B006136D8 /* GoalListViewController.swift */ = {isa = PBXFileReference; lastKnownFileType = sourcecode.swift; path = GoalListViewController.swift; sourceTree = "<group>"; };
		01A722B122EFDD24006136D8 /* GoalDetailsViewController.swift */ = {isa = PBXFileReference; lastKnownFileType = sourcecode.swift; path = GoalDetailsViewController.swift; sourceTree = "<group>"; };
		01A722B422EFF40F006136D8 /* GoalPeriodCell.swift */ = {isa = PBXFileReference; lastKnownFileType = sourcecode.swift; path = GoalPeriodCell.swift; sourceTree = "<group>"; };
		01A722B722F01752006136D8 /* LaunchScreen.storyboard */ = {isa = PBXFileReference; fileEncoding = 4; lastKnownFileType = file.storyboard; path = LaunchScreen.storyboard; sourceTree = "<group>"; };
		01A722B822F01752006136D8 /* Main.storyboard */ = {isa = PBXFileReference; fileEncoding = 4; lastKnownFileType = file.storyboard; path = Main.storyboard; sourceTree = "<group>"; };
		01E5BF8F222DEACD003D85FD /* SetupManager.swift */ = {isa = PBXFileReference; lastKnownFileType = sourcecode.swift; path = SetupManager.swift; sourceTree = "<group>"; };
		01E5BF92222DEB70003D85FD /* Settings.bundle */ = {isa = PBXFileReference; lastKnownFileType = "wrapper.plug-in"; path = Settings.bundle; sourceTree = "<group>"; };
		01F86C4A23AAF70B00FECC1B /* AppCenter.framework */ = {isa = PBXFileReference; lastKnownFileType = wrapper.framework; name = AppCenter.framework; path = Carthage/Build/iOS/AppCenter.framework; sourceTree = "<group>"; };
		01F86C4B23AAF70B00FECC1B /* AppCenterDistribute.framework */ = {isa = PBXFileReference; lastKnownFileType = wrapper.framework; name = AppCenterDistribute.framework; path = Carthage/Build/iOS/AppCenterDistribute.framework; sourceTree = "<group>"; };
		01F86C4C23AAF70B00FECC1B /* AppCenterAnalytics.framework */ = {isa = PBXFileReference; lastKnownFileType = wrapper.framework; name = AppCenterAnalytics.framework; path = Carthage/Build/iOS/AppCenterAnalytics.framework; sourceTree = "<group>"; };
		01F86C4D23AAF70B00FECC1B /* AppCenterCrashes.framework */ = {isa = PBXFileReference; lastKnownFileType = wrapper.framework; name = AppCenterCrashes.framework; path = Carthage/Build/iOS/AppCenterCrashes.framework; sourceTree = "<group>"; };
		034BD7F9239F168000142B7A /* Reports.swift */ = {isa = PBXFileReference; lastKnownFileType = sourcecode.swift; path = Reports.swift; sourceTree = "<group>"; };
		03A79DFB23A84A85009C01C2 /* TransactionsReportTableViewController.swift */ = {isa = PBXFileReference; lastKnownFileType = sourcecode.swift; path = TransactionsReportTableViewController.swift; sourceTree = "<group>"; };
		03A79E0523A84BBE009C01C2 /* ReportItemTableViewCell.swift */ = {isa = PBXFileReference; lastKnownFileType = sourcecode.swift; path = ReportItemTableViewCell.swift; sourceTree = "<group>"; };
		03A79E0823A850B6009C01C2 /* SelectionTableViewController.swift */ = {isa = PBXFileReference; lastKnownFileType = sourcecode.swift; path = SelectionTableViewController.swift; sourceTree = "<group>"; };
		03A79E1223A8557B009C01C2 /* TransactionReportFormViewModel.swift */ = {isa = PBXFileReference; lastKnownFileType = sourcecode.swift; path = TransactionReportFormViewModel.swift; sourceTree = "<group>"; };
		03B4711522825D9700DD773C /* TagsCollectionView.swift */ = {isa = PBXFileReference; lastKnownFileType = sourcecode.swift; path = TagsCollectionView.swift; sourceTree = "<group>"; };
		03B4711722829DD700DD773C /* UserTagsViewController.swift */ = {isa = PBXFileReference; lastKnownFileType = sourcecode.swift; path = UserTagsViewController.swift; sourceTree = "<group>"; };
		03B4711A22829F1100DD773C /* UserTagCell.swift */ = {isa = PBXFileReference; lastKnownFileType = sourcecode.swift; path = UserTagCell.swift; sourceTree = "<group>"; };
		03B4711C2282A69D00DD773C /* UIViewController+SearchController.swift */ = {isa = PBXFileReference; lastKnownFileType = sourcecode.swift; path = "UIViewController+SearchController.swift"; sourceTree = "<group>"; };
		03B471202282B77800DD773C /* DateFormatterExtensions.swift */ = {isa = PBXFileReference; lastKnownFileType = sourcecode.swift; path = DateFormatterExtensions.swift; sourceTree = "<group>"; };
		03B471232283B0E100DD773C /* SuggestedTagCell.swift */ = {isa = PBXFileReference; lastKnownFileType = sourcecode.swift; path = SuggestedTagCell.swift; sourceTree = "<group>"; };
		03B471282283B2B300DD773C /* SuggestedTagsViewController.swift */ = {isa = PBXFileReference; lastKnownFileType = sourcecode.swift; path = SuggestedTagsViewController.swift; sourceTree = "<group>"; };
		03D806D423A869EE003882E4 /* ReportFormItemTableViewCell.swift */ = {isa = PBXFileReference; lastKnownFileType = sourcecode.swift; path = ReportFormItemTableViewCell.swift; sourceTree = "<group>"; };
		1311C2F92508703E008051E5 /* TransactionPaginationViewController.swift */ = {isa = PBXFileReference; lastKnownFileType = sourcecode.swift; path = TransactionPaginationViewController.swift; sourceTree = "<group>"; };
		1314DCB9239E038C00B9FD16 /* BudgetCreateType.swift */ = {isa = PBXFileReference; lastKnownFileType = sourcecode.swift; path = BudgetCreateType.swift; sourceTree = "<group>"; };
		133B024E23A9B1570067D6FA /* GlobalConstants.swift */ = {isa = PBXFileReference; lastKnownFileType = sourcecode.swift; path = GlobalConstants.swift; sourceTree = "<group>"; };
		133B025123A9B5870067D6FA /* ViewControllers.swift */ = {isa = PBXFileReference; lastKnownFileType = sourcecode.swift; path = ViewControllers.swift; sourceTree = "<group>"; };
		13CFDAA72398AA0B00559476 /* MoreViewController.swift */ = {isa = PBXFileReference; lastKnownFileType = sourcecode.swift; path = MoreViewController.swift; sourceTree = "<group>"; };
		13CFDAAA2398AFAE00559476 /* Budgets.storyboard */ = {isa = PBXFileReference; lastKnownFileType = file.storyboard; path = Budgets.storyboard; sourceTree = "<group>"; };
		13CFDAAE2398B11D00559476 /* BudgetCell.swift */ = {isa = PBXFileReference; lastKnownFileType = sourcecode.swift; path = BudgetCell.swift; sourceTree = "<group>"; };
		13CFDAB12398B55C00559476 /* BudgetListViewController.swift */ = {isa = PBXFileReference; lastKnownFileType = sourcecode.swift; path = BudgetListViewController.swift; sourceTree = "<group>"; };
		13CFDAB52398B93F00559476 /* BudgetDetailsViewController.swift */ = {isa = PBXFileReference; lastKnownFileType = sourcecode.swift; path = BudgetDetailsViewController.swift; sourceTree = "<group>"; };
		13CFDAB82398C34A00559476 /* BudgetPeriodCell.swift */ = {isa = PBXFileReference; lastKnownFileType = sourcecode.swift; path = BudgetPeriodCell.swift; sourceTree = "<group>"; };
		13CFDABB2398C6E500559476 /* BudgetCreateViewController.swift */ = {isa = PBXFileReference; lastKnownFileType = sourcecode.swift; path = BudgetCreateViewController.swift; sourceTree = "<group>"; };
		13CFDABE2398D84B00559476 /* BaseViewController.swift */ = {isa = PBXFileReference; lastKnownFileType = sourcecode.swift; path = BaseViewController.swift; sourceTree = "<group>"; };
		2F16C954223F00B2005F178D /* SurveyAnswerTableCell.swift */ = {isa = PBXFileReference; lastKnownFileType = sourcecode.swift; path = SurveyAnswerTableCell.swift; sourceTree = "<group>"; };
		2F16C956223F1D7D005F178D /* FrolloSlider.swift */ = {isa = PBXFileReference; lastKnownFileType = sourcecode.swift; path = FrolloSlider.swift; sourceTree = "<group>"; };
		2F657DB8223B6FBD00471B85 /* Surveys.storyboard */ = {isa = PBXFileReference; lastKnownFileType = file.storyboard; path = Surveys.storyboard; sourceTree = "<group>"; };
		2F657DBB223B715800471B85 /* SurveyViewController.swift */ = {isa = PBXFileReference; lastKnownFileType = sourcecode.swift; path = SurveyViewController.swift; sourceTree = "<group>"; };
		2F657DBD223B765900471B85 /* SurveyMultipleChoiceViewController.swift */ = {isa = PBXFileReference; lastKnownFileType = sourcecode.swift; path = SurveyMultipleChoiceViewController.swift; sourceTree = "<group>"; };
		2F657DBF223B766700471B85 /* SurveySliderViewController.swift */ = {isa = PBXFileReference; lastKnownFileType = sourcecode.swift; path = SurveySliderViewController.swift; sourceTree = "<group>"; };
		2FE180052248574F00B87AAB /* UIExtensions.swift */ = {isa = PBXFileReference; lastKnownFileType = sourcecode.swift; path = UIExtensions.swift; sourceTree = "<group>"; };
/* End PBXFileReference section */

/* Begin PBXFrameworksBuildPhase section */
		01527CE320E1D3B000B5042A /* Frameworks */ = {
			isa = PBXFrameworksBuildPhase;
			buildActionMask = 2147483647;
			files = (
				018B04412176E0A5008C34D7 /* FrolloSDK.framework in Frameworks */,
				01F86C4E23AAF70B00FECC1B /* AppCenter.framework in Frameworks */,
				01F86C5023AAF70B00FECC1B /* AppCenterDistribute.framework in Frameworks */,
				018B04422176E0A5008C34D7 /* Alamofire.framework in Frameworks */,
				01F86C5223AAF70B00FECC1B /* AppCenterAnalytics.framework in Frameworks */,
				01F86C5423AAF70B00FECC1B /* AppCenterCrashes.framework in Frameworks */,
			);
			runOnlyForDeploymentPostprocessing = 0;
		};
		018B04442176E474008C34D7 /* Frameworks */ = {
			isa = PBXFrameworksBuildPhase;
			buildActionMask = 2147483647;
			files = (
				018B04872176E540008C34D7 /* FrolloSDK.framework in Frameworks */,
				018B04882176E540008C34D7 /* Alamofire.framework in Frameworks */,
			);
			runOnlyForDeploymentPostprocessing = 0;
		};
/* End PBXFrameworksBuildPhase section */

/* Begin PBXGroup section */
		013F1F64217829010043BF56 /* Controllers */ = {
			isa = PBXGroup;
			children = (
				13CFDAB42398B56300559476 /* Budgets */,
				018501F1220A461000069D87 /* Aggregation */,
				018501F3220A461C00069D87 /* Bills */,
				01A7229722EA9446006136D8 /* Goals */,
				018501F2220A461700069D87 /* Login */,
				018501F5220A462700069D87 /* Messages */,
				018501FA220A46F300069D87 /* Reports */,
				018501F6220A464200069D87 /* Shared */,
				2F657DBA223B714300471B85 /* Survey */,
				013F1F6821782CC80043BF56 /* StartupViewController.swift */,
				03B4711C2282A69D00DD773C /* UIViewController+SearchController.swift */,
			);
			path = Controllers;
			sourceTree = "<group>";
		};
		013F1F6B217839D60043BF56 /* Managers */ = {
			isa = PBXGroup;
			children = (
				017E58CC217ECC2200DC56FF /* FlowManager.swift */,
				01E5BF8F222DEACD003D85FD /* SetupManager.swift */,
			);
			path = Managers;
			sourceTree = "<group>";
		};
		01527CDD20E1D3B000B5042A = {
			isa = PBXGroup;
			children = (
				018B043D2176E09A008C34D7 /* Cartfile */,
				018B043E2176E09A008C34D7 /* Package.swift */,
				0159E46F21924F9F002CC3BB /* Shared */,
				01527CE820E1D3B000B5042A /* FrolloSDK iOS Example */,
				018B04482176E474008C34D7 /* FrolloSDK tvOS Example */,
				01527CE720E1D3B000B5042A /* Products */,
				01527D0A20E20ADC00B5042A /* Frameworks */,
			);
			sourceTree = "<group>";
		};
		01527CE720E1D3B000B5042A /* Products */ = {
			isa = PBXGroup;
			children = (
				01527CE620E1D3B000B5042A /* FrolloSDK iOS Example.app */,
				018B04472176E474008C34D7 /* FrolloSDK tvOS Example.app */,
			);
			name = Products;
			sourceTree = "<group>";
		};
		01527CE820E1D3B000B5042A /* FrolloSDK iOS Example */ = {
			isa = PBXGroup;
			children = (
				0135D31D21A50D0E00318142 /* FrolloSDK iOS Example.entitlements */,
				0159E47221924FF1002CC3BB /* Resources */,
			);
			path = "FrolloSDK iOS Example";
			sourceTree = "<group>";
		};
		01527D0A20E20ADC00B5042A /* Frameworks */ = {
			isa = PBXGroup;
			children = (
				01F86C4A23AAF70B00FECC1B /* AppCenter.framework */,
				01F86C4C23AAF70B00FECC1B /* AppCenterAnalytics.framework */,
				01F86C4D23AAF70B00FECC1B /* AppCenterCrashes.framework */,
				01F86C4B23AAF70B00FECC1B /* AppCenterDistribute.framework */,
				018B04BC21770FD7008C34D7 /* Alamofire.framework */,
				018B04BA21770FC9008C34D7 /* FrolloSDK.framework */,
				018B04862176E540008C34D7 /* Alamofire.framework */,
				018B04852176E540008C34D7 /* FrolloSDK.framework */,
				018B04402176E0A4008C34D7 /* Alamofire.framework */,
				018B043F2176E0A4008C34D7 /* FrolloSDK.framework */,
			);
			name = Frameworks;
			sourceTree = "<group>";
		};
		0159E46F21924F9F002CC3BB /* Shared */ = {
			isa = PBXGroup;
			children = (
				0159E47121924FCB002CC3BB /* Resources */,
				0159E47021924FC2002CC3BB /* Sources */,
			);
			path = Shared;
			sourceTree = "<group>";
		};
		0159E47021924FC2002CC3BB /* Sources */ = {
			isa = PBXGroup;
			children = (
				1314DCB8239E037900B9FD16 /* Transient */,
				01527CE920E1D3B000B5042A /* AppDelegate.swift */,
				013F1F64217829010043BF56 /* Controllers */,
				013F1F6B217839D60043BF56 /* Managers */,
				017E59382182957100DC56FF /* Views */,
				03B4711F2282B76500DD773C /* Helpers */,
			);
			path = Sources;
			sourceTree = "<group>";
		};
		0159E47121924FCB002CC3BB /* Resources */ = {
			isa = PBXGroup;
			children = (
				01527CF020E1D3B200B5042A /* Assets.xcassets */,
			);
			path = Resources;
			sourceTree = "<group>";
		};
		0159E47221924FF1002CC3BB /* Resources */ = {
			isa = PBXGroup;
			children = (
				013BC1EA218AA3C0005A2714 /* AddProviderChoiceView.xib */,
				013BC1EC218AA62D005A2714 /* AddProviderLoginFieldView.xib */,
				011C199421E6C25500490EDD /* BillCell.xib */,
				01A722A822EE8A2F006136D8 /* GoalOptionViewController.swift */,
				01527CF520E1D3B200B5042A /* Info.plist */,
				01A722B722F01752006136D8 /* LaunchScreen.storyboard */,
				01A722B822F01752006136D8 /* Main.storyboard */,
				01E5BF92222DEB70003D85FD /* Settings.bundle */,
				2F657DB8223B6FBD00471B85 /* Surveys.storyboard */,
				13CFDAAA2398AFAE00559476 /* Budgets.storyboard */,
			);
			path = Resources;
			sourceTree = "<group>";
		};
		0159E4732192500C002CC3BB /* Resources */ = {
			isa = PBXGroup;
			children = (
				018B04542176E476008C34D7 /* Info.plist */,
				015687AE218BD8A900C961B3 /* AddProviderChoiceView.xib */,
				015687AC218BD7B700C961B3 /* AddProviderLoginFieldView.xib */,
				018B044F2176E474008C34D7 /* Main.storyboard */,
			);
			path = Resources;
			sourceTree = "<group>";
		};
		017E59382182957100DC56FF /* Views */ = {
			isa = PBXGroup;
			children = (
				13CFDAAD2398B0ED00559476 /* Budgets */,
				03A79E0423A84BA8009C01C2 /* Reports */,
				018501F7220A468400069D87 /* Aggregation */,
				018501F9220A469300069D87 /* Bills */,
				01A7229E22EACE8A006136D8 /* Goals */,
				018501F8220A468B00069D87 /* Messages */,
				2F16C953223F0091005F178D /* Survey */,
			);
			path = Views;
			sourceTree = "<group>";
		};
		018501F1220A461000069D87 /* Aggregation */ = {
			isa = PBXGroup;
			children = (
				017E5934218291DA00DC56FF /* AccountsViewController.swift */,
				011A7BCE2189330600E2CEF1 /* AddProviderAccountViewController.swift */,
				017E59412186906300DC56FF /* MerchantsViewController.swift */,
				013F1F65217829320043BF56 /* ProviderAccountsViewController.swift */,
				015023C72181465100EEB5F2 /* ProvidersViewController.swift */,
				017E59432186907B00DC56FF /* TransactionCategoriesViewController.swift */,
				017E593F2182DD7800DC56FF /* TransactionDetailsViewController.swift */,
				017E593B2182D03C00DC56FF /* TransactionsViewController.swift */,
				03B4711722829DD700DD773C /* UserTagsViewController.swift */,
				03B471282283B2B300DD773C /* SuggestedTagsViewController.swift */,
				1311C2F92508703E008051E5 /* TransactionPaginationViewController.swift */,
			);
			path = Aggregation;
			sourceTree = "<group>";
		};
		018501F2220A461700069D87 /* Login */ = {
			isa = PBXGroup;
			children = (
				013F1F6F21784CB10043BF56 /* LoginViewController.swift */,
			);
			path = Login;
			sourceTree = "<group>";
		};
		018501F3220A461C00069D87 /* Bills */ = {
			isa = PBXGroup;
			children = (
				011C199921E6C8CE00490EDD /* BillsViewController.swift */,
				011C199C21E6EDFE00490EDD /* BillPaymentsViewController.swift */,
			);
			path = Bills;
			sourceTree = "<group>";
		};
		018501F5220A462700069D87 /* Messages */ = {
			isa = PBXGroup;
			children = (
				0135D31E21A526B200318142 /* MessagesViewController.swift */,
			);
			path = Messages;
			sourceTree = "<group>";
		};
		018501F6220A464200069D87 /* Shared */ = {
			isa = PBXGroup;
			children = (
				017E59362182945200DC56FF /* TableViewController.swift */,
				01527CEB20E1D3B000B5042A /* ViewController.swift */,
				13CFDAA72398AA0B00559476 /* MoreViewController.swift */,
				13CFDABE2398D84B00559476 /* BaseViewController.swift */,
				133B024E23A9B1570067D6FA /* GlobalConstants.swift */,
				133B025123A9B5870067D6FA /* ViewControllers.swift */,
			);
			path = Shared;
			sourceTree = "<group>";
		};
		018501F7220A468400069D87 /* Aggregation */ = {
			isa = PBXGroup;
			children = (
				017E59392182958900DC56FF /* AccountCell.swift */,
				013BC1E6218AA0C2005A2714 /* AddProviderChoiceCell.swift */,
				013BC1E8218AA30A005A2714 /* AddProviderChoiceView.swift */,
				01568798218AB0B100C961B3 /* AddProviderLoginFieldCell.swift */,
				013BC1EE218AA657005A2714 /* AddProviderLoginFieldView.swift */,
				015687B4218C1F4300C961B3 /* ProviderAccountCell.swift */,
				017E593D2182D8D100DC56FF /* TransactionCell.swift */,
				03B4711522825D9700DD773C /* TagsCollectionView.swift */,
				03B4711A22829F1100DD773C /* UserTagCell.swift */,
				03B471232283B0E100DD773C /* SuggestedTagCell.swift */,
			);
			path = Aggregation;
			sourceTree = "<group>";
		};
		018501F8220A468B00069D87 /* Messages */ = {
			isa = PBXGroup;
			children = (
				0135D32121A609BD00318142 /* MessageCell.swift */,
			);
			path = Messages;
			sourceTree = "<group>";
		};
		018501F9220A469300069D87 /* Bills */ = {
			isa = PBXGroup;
			children = (
				011C199621E6C4E500490EDD /* BillCell.swift */,
			);
			path = Bills;
			sourceTree = "<group>";
		};
		018501FA220A46F300069D87 /* Reports */ = {
			isa = PBXGroup;
			children = (
				03A79E1123A8551D009C01C2 /* Transactions */,
				034BD7F9239F168000142B7A /* Reports.swift */,
				01850201220A584700069D87 /* AccountBalancesViewController.swift */,
				018501FE220A51DD00069D87 /* ReportsAccountListViewController.swift */,
				018501FB220A472600069D87 /* ReportTypesViewController.swift */,
				03A79E0823A850B6009C01C2 /* SelectionTableViewController.swift */,
			);
			path = Reports;
			sourceTree = "<group>";
		};
		018B04482176E474008C34D7 /* FrolloSDK tvOS Example */ = {
			isa = PBXGroup;
			children = (
				0159E4732192500C002CC3BB /* Resources */,
			);
			path = "FrolloSDK tvOS Example";
			sourceTree = "<group>";
		};
		01A7229722EA9446006136D8 /* Goals */ = {
			isa = PBXGroup;
			children = (
				01A722A222EAD271006136D8 /* GoalCreateViewController.swift */,
				01A722B122EFDD24006136D8 /* GoalDetailsViewController.swift */,
				01A722AE22EFB77B006136D8 /* GoalListViewController.swift */,
				01A7229B22EA9481006136D8 /* GoalTargetViewController.swift */,
			);
			path = Goals;
			sourceTree = "<group>";
		};
		01A7229E22EACE8A006136D8 /* Goals */ = {
			isa = PBXGroup;
			children = (
				01A722A522EE7842006136D8 /* AmountCell.swift */,
				01A722AB22EFB07C006136D8 /* GoalListCell.swift */,
				01A7229F22EACEAB006136D8 /* TextFieldCell.swift */,
				01A722B422EFF40F006136D8 /* GoalPeriodCell.swift */,
			);
			path = Goals;
			sourceTree = "<group>";
		};
		03A79E0423A84BA8009C01C2 /* Reports */ = {
			isa = PBXGroup;
			children = (
				03A79E0523A84BBE009C01C2 /* ReportItemTableViewCell.swift */,
				03D806D423A869EE003882E4 /* ReportFormItemTableViewCell.swift */,
			);
			path = Reports;
			sourceTree = "<group>";
		};
		03A79E1123A8551D009C01C2 /* Transactions */ = {
			isa = PBXGroup;
			children = (
				01850207220A86C500069D87 /* TransactionReportFormViewController.swift */,
				03A79E1223A8557B009C01C2 /* TransactionReportFormViewModel.swift */,
				01850204220A849100069D87 /* CurrentTransactionsReportGroupingViewController.swift */,
				0185020D220BABF400069D87 /* HistoryTransactionReportGroupingViewController.swift */,
				03A79DFB23A84A85009C01C2 /* TransactionsReportTableViewController.swift */,
			);
			path = Transactions;
			sourceTree = "<group>";
		};
		03B4711F2282B76500DD773C /* Helpers */ = {
			isa = PBXGroup;
			children = (
				03B471202282B77800DD773C /* DateFormatterExtensions.swift */,
				0150C44522926AB100A18B52 /* CustomV1Authentication.swift */,
			);
			path = Helpers;
			sourceTree = "<group>";
		};
		1314DCB8239E037900B9FD16 /* Transient */ = {
			isa = PBXGroup;
			children = (
				1314DCB9239E038C00B9FD16 /* BudgetCreateType.swift */,
			);
			path = Transient;
			sourceTree = "<group>";
		};
		13CFDAAD2398B0ED00559476 /* Budgets */ = {
			isa = PBXGroup;
			children = (
				13CFDAAE2398B11D00559476 /* BudgetCell.swift */,
				13CFDAB82398C34A00559476 /* BudgetPeriodCell.swift */,
			);
			path = Budgets;
			sourceTree = "<group>";
		};
		13CFDAB42398B56300559476 /* Budgets */ = {
			isa = PBXGroup;
			children = (
				13CFDAB12398B55C00559476 /* BudgetListViewController.swift */,
				13CFDAB52398B93F00559476 /* BudgetDetailsViewController.swift */,
				13CFDABB2398C6E500559476 /* BudgetCreateViewController.swift */,
			);
			path = Budgets;
			sourceTree = "<group>";
		};
		2F16C953223F0091005F178D /* Survey */ = {
			isa = PBXGroup;
			children = (
				2F16C954223F00B2005F178D /* SurveyAnswerTableCell.swift */,
				2F16C956223F1D7D005F178D /* FrolloSlider.swift */,
			);
			path = Survey;
			sourceTree = "<group>";
		};
		2F657DBA223B714300471B85 /* Survey */ = {
			isa = PBXGroup;
			children = (
				2F657DBB223B715800471B85 /* SurveyViewController.swift */,
				2F657DBD223B765900471B85 /* SurveyMultipleChoiceViewController.swift */,
				2F657DBF223B766700471B85 /* SurveySliderViewController.swift */,
				2FE180052248574F00B87AAB /* UIExtensions.swift */,
			);
			path = Survey;
			sourceTree = "<group>";
		};
/* End PBXGroup section */

/* Begin PBXNativeTarget section */
		01527CE520E1D3B000B5042A /* FrolloSDK iOS Example */ = {
			isa = PBXNativeTarget;
			buildConfigurationList = 01527D0320E1D3B200B5042A /* Build configuration list for PBXNativeTarget "FrolloSDK iOS Example" */;
			buildPhases = (
				01527CE220E1D3B000B5042A /* Sources */,
				01527CE320E1D3B000B5042A /* Frameworks */,
				01527CE420E1D3B000B5042A /* Resources */,
				01527D0F20E20BA900B5042A /* Carthage Copy Frameworks */,
				01F86C5623AAF70C00FECC1B /* Embed Frameworks */,
			);
			buildRules = (
			);
			dependencies = (
			);
			name = "FrolloSDK iOS Example";
			productName = "FrolloSDK Example";
			productReference = 01527CE620E1D3B000B5042A /* FrolloSDK iOS Example.app */;
			productType = "com.apple.product-type.application";
		};
		018B04462176E474008C34D7 /* FrolloSDK tvOS Example */ = {
			isa = PBXNativeTarget;
			buildConfigurationList = 018B04552176E476008C34D7 /* Build configuration list for PBXNativeTarget "FrolloSDK tvOS Example" */;
			buildPhases = (
				018B04432176E474008C34D7 /* Sources */,
				018B04442176E474008C34D7 /* Frameworks */,
				018B04452176E474008C34D7 /* Resources */,
				018B04892176E550008C34D7 /* Copy Carthage Frameworks */,
			);
			buildRules = (
			);
			dependencies = (
			);
			name = "FrolloSDK tvOS Example";
			productName = "FrolloSDK tvOS Example";
			productReference = 018B04472176E474008C34D7 /* FrolloSDK tvOS Example.app */;
			productType = "com.apple.product-type.application";
		};
/* End PBXNativeTarget section */

/* Begin PBXProject section */
		01527CDE20E1D3B000B5042A /* Project object */ = {
			isa = PBXProject;
			attributes = {
				LastSwiftUpdateCheck = 1000;
				LastUpgradeCheck = 0940;
				ORGANIZATIONNAME = Frollo;
				TargetAttributes = {
					01527CE520E1D3B000B5042A = {
						CreatedOnToolsVersion = 9.4.1;
						LastSwiftMigration = 1020;
						SystemCapabilities = {
							com.apple.BackgroundModes = {
								enabled = 1;
							};
							com.apple.Push = {
								enabled = 1;
							};
						};
					};
					018B04462176E474008C34D7 = {
						CreatedOnToolsVersion = 10.0;
						SystemCapabilities = {
							com.apple.BackgroundModes.appletvos = {
								enabled = 1;
							};
						};
					};
				};
			};
			buildConfigurationList = 01527CE120E1D3B000B5042A /* Build configuration list for PBXProject "FrolloSDK Example" */;
			compatibilityVersion = "Xcode 9.3";
			developmentRegion = en;
			hasScannedForEncodings = 0;
			knownRegions = (
				en,
				Base,
			);
			mainGroup = 01527CDD20E1D3B000B5042A;
			productRefGroup = 01527CE720E1D3B000B5042A /* Products */;
			projectDirPath = "";
			projectRoot = "";
			targets = (
				01527CE520E1D3B000B5042A /* FrolloSDK iOS Example */,
				018B04462176E474008C34D7 /* FrolloSDK tvOS Example */,
			);
		};
/* End PBXProject section */

/* Begin PBXResourcesBuildPhase section */
		01527CE420E1D3B000B5042A /* Resources */ = {
			isa = PBXResourcesBuildPhase;
			buildActionMask = 2147483647;
			files = (
				13CFDAAB2398AFAE00559476 /* Budgets.storyboard in Resources */,
				01A722B922F01752006136D8 /* LaunchScreen.storyboard in Resources */,
				01A722BA22F01752006136D8 /* Main.storyboard in Resources */,
				013BC1ED218AA62D005A2714 /* AddProviderLoginFieldView.xib in Resources */,
				2F657DB9223B6FBD00471B85 /* Surveys.storyboard in Resources */,
				011C199521E6C25500490EDD /* BillCell.xib in Resources */,
				01527CF120E1D3B200B5042A /* Assets.xcassets in Resources */,
				015687B0218BD8BF00C961B3 /* AddProviderChoiceView.xib in Resources */,
				01E5BF93222DEB70003D85FD /* Settings.bundle in Resources */,
			);
			runOnlyForDeploymentPostprocessing = 0;
		};
		018B04452176E474008C34D7 /* Resources */ = {
			isa = PBXResourcesBuildPhase;
			buildActionMask = 2147483647;
			files = (
				13CFDAAC2398AFAE00559476 /* Budgets.storyboard in Resources */,
				015687B3218C152400C961B3 /* Main.storyboard in Resources */,
				0159E47421925039002CC3BB /* Assets.xcassets in Resources */,
			);
			runOnlyForDeploymentPostprocessing = 0;
		};
/* End PBXResourcesBuildPhase section */

/* Begin PBXShellScriptBuildPhase section */
		01527D0F20E20BA900B5042A /* Carthage Copy Frameworks */ = {
			isa = PBXShellScriptBuildPhase;
			buildActionMask = 2147483647;
			files = (
			);
			inputPaths = (
				"$(SRCROOT)/Carthage/Build/iOS/FrolloSDK.framework",
				"$(SRCROOT)/Carthage/Build/iOS/Alamofire.framework",
				"$(SRCROOT)/Carthage/Build/iOS/AppCenter.framework",
				"$(SRCROOT)/Carthage/Build/iOS/AppCenterAnalytics.framework",
				"$(SRCROOT)/Carthage/Build/iOS/AppCenterCrashes.framework",
				"$(SRCROOT)/Carthage/Build/iOS/AppCenterDistribute.framework",
				"$(SRCROOT)/Carthage/Build/iOS/AppAuth.framework",
				"$(SRCROOT)/Carthage/Build/iOS/SwiftyJSON.framework",
			);
			name = "Carthage Copy Frameworks";
			outputPaths = (
			);
			runOnlyForDeploymentPostprocessing = 0;
			shellPath = /bin/sh;
			shellScript = "/usr/local/bin/carthage copy-frameworks\n";
		};
		018B04892176E550008C34D7 /* Copy Carthage Frameworks */ = {
			isa = PBXShellScriptBuildPhase;
			buildActionMask = 2147483647;
			files = (
			);
			inputFileListPaths = (
			);
			inputPaths = (
				"$(SRCROOT)/Carthage/Build/tvOS/FrolloSDK.framework",
				"$(SRCROOT)/Carthage/Build/tvOS/Alamofire.framework",
			);
			name = "Copy Carthage Frameworks";
			outputFileListPaths = (
			);
			outputPaths = (
			);
			runOnlyForDeploymentPostprocessing = 0;
			shellPath = /bin/sh;
			shellScript = "/usr/local/bin/carthage copy-frameworks\n";
		};
/* End PBXShellScriptBuildPhase section */

/* Begin PBXSourcesBuildPhase section */
		01527CE220E1D3B000B5042A /* Sources */ = {
			isa = PBXSourcesBuildPhase;
			buildActionMask = 2147483647;
			files = (
				13CFDABF2398D84B00559476 /* BaseViewController.swift in Sources */,
				01A722AC22EFB07C006136D8 /* GoalListCell.swift in Sources */,
				03B4711B22829F1100DD773C /* UserTagCell.swift in Sources */,
				03D806D523A869EE003882E4 /* ReportFormItemTableViewCell.swift in Sources */,
				018501FF220A51DD00069D87 /* ReportsAccountListViewController.swift in Sources */,
				01A722B522EFF40F006136D8 /* GoalPeriodCell.swift in Sources */,
				013F1F7021784CB10043BF56 /* LoginViewController.swift in Sources */,
				013BC1EF218AA657005A2714 /* AddProviderLoginFieldView.swift in Sources */,
				011A7BCF2189330600E2CEF1 /* AddProviderAccountViewController.swift in Sources */,
				133B025223A9B5870067D6FA /* ViewControllers.swift in Sources */,
				0150C44622926AB100A18B52 /* CustomV1Authentication.swift in Sources */,
				013F1F6921782CC80043BF56 /* StartupViewController.swift in Sources */,
				013BC1E7218AA0C2005A2714 /* AddProviderChoiceCell.swift in Sources */,
				13CFDAAF2398B11D00559476 /* BudgetCell.swift in Sources */,
				03B471242283B0E100DD773C /* SuggestedTagCell.swift in Sources */,
				03A79E0923A850B6009C01C2 /* SelectionTableViewController.swift in Sources */,
				017E593C2182D03C00DC56FF /* TransactionsViewController.swift in Sources */,
				13CFDAB92398C34A00559476 /* BudgetPeriodCell.swift in Sources */,
				01A7229C22EA9481006136D8 /* GoalTargetViewController.swift in Sources */,
				03A79E1323A8557B009C01C2 /* TransactionReportFormViewModel.swift in Sources */,
				0135D32221A609BD00318142 /* MessageCell.swift in Sources */,
				017E58CD217ECC2200DC56FF /* FlowManager.swift in Sources */,
				13CFDAB62398B93F00559476 /* BudgetDetailsViewController.swift in Sources */,
				13CFDABC2398C6E500559476 /* BudgetCreateViewController.swift in Sources */,
				03A79DFC23A84A85009C01C2 /* TransactionsReportTableViewController.swift in Sources */,
				01A722B222EFDD24006136D8 /* GoalDetailsViewController.swift in Sources */,
				01850205220A849100069D87 /* CurrentTransactionsReportGroupingViewController.swift in Sources */,
				1314DCBA239E038C00B9FD16 /* BudgetCreateType.swift in Sources */,
				03B4711D2282A69D00DD773C /* UIViewController+SearchController.swift in Sources */,
				01568799218AB0B100C961B3 /* AddProviderLoginFieldCell.swift in Sources */,
				017E59372182945200DC56FF /* TableViewController.swift in Sources */,
				018501FC220A472600069D87 /* ReportTypesViewController.swift in Sources */,
				01A722A622EE7842006136D8 /* AmountCell.swift in Sources */,
				03B4711822829DD700DD773C /* UserTagsViewController.swift in Sources */,
				01850202220A584700069D87 /* AccountBalancesViewController.swift in Sources */,
				017E59402182DD7800DC56FF /* TransactionDetailsViewController.swift in Sources */,
				013BC1E9218AA30A005A2714 /* AddProviderChoiceView.swift in Sources */,
				0185020E220BABF400069D87 /* HistoryTransactionReportGroupingViewController.swift in Sources */,
				2F657DC0223B766700471B85 /* SurveySliderViewController.swift in Sources */,
				011C199721E6C4E500490EDD /* BillCell.swift in Sources */,
				2F657DBE223B765900471B85 /* SurveyMultipleChoiceViewController.swift in Sources */,
				013F1F66217829320043BF56 /* ProviderAccountsViewController.swift in Sources */,
				015023C82181465100EEB5F2 /* ProvidersViewController.swift in Sources */,
				01A722A022EACEAB006136D8 /* TextFieldCell.swift in Sources */,
				13CFDAA82398AA0B00559476 /* MoreViewController.swift in Sources */,
				01E5BF90222DEACD003D85FD /* SetupManager.swift in Sources */,
				01527CEC20E1D3B000B5042A /* ViewController.swift in Sources */,
				2FE180062248574F00B87AAB /* UIExtensions.swift in Sources */,
				011C199D21E6EDFE00490EDD /* BillPaymentsViewController.swift in Sources */,
				03B471292283B2B300DD773C /* SuggestedTagsViewController.swift in Sources */,
				13CFDAB22398B55C00559476 /* BudgetListViewController.swift in Sources */,
				017E593E2182D8D100DC56FF /* TransactionCell.swift in Sources */,
				01850208220A86C500069D87 /* TransactionReportFormViewController.swift in Sources */,
				011C199A21E6C8CE00490EDD /* BillsViewController.swift in Sources */,
				017E59422186906300DC56FF /* MerchantsViewController.swift in Sources */,
				2F16C957223F1D7D005F178D /* FrolloSlider.swift in Sources */,
				034BD7FA239F168000142B7A /* Reports.swift in Sources */,
				03A79E0623A84BBE009C01C2 /* ReportItemTableViewCell.swift in Sources */,
				017E5935218291DA00DC56FF /* AccountsViewController.swift in Sources */,
				03B471212282B77800DD773C /* DateFormatterExtensions.swift in Sources */,
				017E593A2182958900DC56FF /* AccountCell.swift in Sources */,
				01A722A322EAD271006136D8 /* GoalCreateViewController.swift in Sources */,
				01527CEA20E1D3B000B5042A /* AppDelegate.swift in Sources */,
				015687B5218C1F4300C961B3 /* ProviderAccountCell.swift in Sources */,
				133B024F23A9B1570067D6FA /* GlobalConstants.swift in Sources */,
				0135D31F21A526B200318142 /* MessagesViewController.swift in Sources */,
				1311C2FA2508703E008051E5 /* TransactionPaginationViewController.swift in Sources */,
				017E59442186907B00DC56FF /* TransactionCategoriesViewController.swift in Sources */,
				2F657DBC223B715800471B85 /* SurveyViewController.swift in Sources */,
				01A722A922EE8A2F006136D8 /* GoalOptionViewController.swift in Sources */,
				2F16C955223F00B2005F178D /* SurveyAnswerTableCell.swift in Sources */,
				01A722AF22EFB77B006136D8 /* GoalListViewController.swift in Sources */,
				03B4711622825D9700DD773C /* TagsCollectionView.swift in Sources */,
			);
			runOnlyForDeploymentPostprocessing = 0;
		};
		018B04432176E474008C34D7 /* Sources */ = {
			isa = PBXSourcesBuildPhase;
			buildActionMask = 2147483647;
			files = (
				01850203220A584700069D87 /* AccountBalancesViewController.swift in Sources */,
				015687B1218BF01C00C961B3 /* AddProviderLoginFieldView.xib in Sources */,
				015687B2218BF01C00C961B3 /* AddProviderChoiceView.xib in Sources */,
				013F1F7121784CB10043BF56 /* LoginViewController.swift in Sources */,
				01A722AA22EE8A2F006136D8 /* GoalOptionViewController.swift in Sources */,
				015687A8218BD5DD00C961B3 /* AddProviderLoginFieldView.swift in Sources */,
				01850209220A86C500069D87 /* TransactionReportFormViewController.swift in Sources */,
				01A722A122EACEAB006136D8 /* TextFieldCell.swift in Sources */,
				1314DCBB239E038C00B9FD16 /* BudgetCreateType.swift in Sources */,
				015023C92181465100EEB5F2 /* ProvidersViewController.swift in Sources */,
				013F1F67217829320043BF56 /* ProviderAccountsViewController.swift in Sources */,
				0135D32021A526B200318142 /* MessagesViewController.swift in Sources */,
				015687A6218BD5D800C961B3 /* AddProviderChoiceCell.swift in Sources */,
				0156879D218BD58000C961B3 /* MerchantsViewController.swift in Sources */,
				01A722AD22EFB07C006136D8 /* GoalListCell.swift in Sources */,
				13CFDABD2398C6E500559476 /* BudgetCreateViewController.swift in Sources */,
				03B471262283B0ED00DD773C /* UserTagCell.swift in Sources */,
				13CFDAA92398AA0B00559476 /* MoreViewController.swift in Sources */,
				015687A0218BD59100C961B3 /* TransactionDetailsViewController.swift in Sources */,
				03B471272283B0EF00DD773C /* SuggestedTagCell.swift in Sources */,
				133B025323A9B5870067D6FA /* ViewControllers.swift in Sources */,
				01850200220A51DD00069D87 /* ReportsAccountListViewController.swift in Sources */,
				015687A9218BD5DF00C961B3 /* AddProviderLoginFieldCell.swift in Sources */,
				133B025023A9B1570067D6FA /* GlobalConstants.swift in Sources */,
				0135D32321A609BD00318142 /* MessageCell.swift in Sources */,
				0185020F220BABF400069D87 /* HistoryTransactionReportGroupingViewController.swift in Sources */,
				011C199B21E6C8CE00490EDD /* BillsViewController.swift in Sources */,
				0156879E218BD58B00C961B3 /* TableViewController.swift in Sources */,
				015687A5218BD5D600C961B3 /* TransactionCell.swift in Sources */,
				015687A7218BD5DB00C961B3 /* AddProviderChoiceView.swift in Sources */,
				011C199E21E6EDFE00490EDD /* BillPaymentsViewController.swift in Sources */,
				01E5BF91222DEACD003D85FD /* SetupManager.swift in Sources */,
				013F1F6A21782CC80043BF56 /* StartupViewController.swift in Sources */,
				13CFDAB72398B93F00559476 /* BudgetDetailsViewController.swift in Sources */,
				01A722B022EFB77B006136D8 /* GoalListViewController.swift in Sources */,
				0156879B218BD57900C961B3 /* AccountsViewController.swift in Sources */,
				03B4711922829DDB00DD773C /* UserTagsViewController.swift in Sources */,
				03B471222282B77800DD773C /* DateFormatterExtensions.swift in Sources */,
				017E58CE217ECC2200DC56FF /* FlowManager.swift in Sources */,
				01A722A422EAD271006136D8 /* GoalCreateViewController.swift in Sources */,
				01A7229D22EA9481006136D8 /* GoalTargetViewController.swift in Sources */,
				13CFDAB32398B55C00559476 /* BudgetListViewController.swift in Sources */,
				01A722B322EFDD24006136D8 /* GoalDetailsViewController.swift in Sources */,
				0150C44722926AB100A18B52 /* CustomV1Authentication.swift in Sources */,
				011C199821E6C4EE00490EDD /* BillCell.swift in Sources */,
				0156879F218BD58F00C961B3 /* TransactionCategoriesViewController.swift in Sources */,
				0156879C218BD57C00C961B3 /* AddProviderAccountViewController.swift in Sources */,
				015687A4218BD5D400C961B3 /* AccountCell.swift in Sources */,
				03B471252283B0EB00DD773C /* TagsCollectionView.swift in Sources */,
				015687B6218C1F4300C961B3 /* ProviderAccountCell.swift in Sources */,
				13CFDAB02398B11D00559476 /* BudgetCell.swift in Sources */,
				015687A2218BD5A800C961B3 /* ViewController.swift in Sources */,
				015687A3218BD5B900C961B3 /* AppDelegate.swift in Sources */,
				03B4711E2282A69D00DD773C /* UIViewController+SearchController.swift in Sources */,
				13CFDABA2398C34A00559476 /* BudgetPeriodCell.swift in Sources */,
				01A722A722EE7842006136D8 /* AmountCell.swift in Sources */,
				015687A1218BD59400C961B3 /* TransactionsViewController.swift in Sources */,
				018501FD220A472600069D87 /* ReportTypesViewController.swift in Sources */,
				01A722B622EFF40F006136D8 /* GoalPeriodCell.swift in Sources */,
				01850206220A849100069D87 /* CurrentTransactionsReportGroupingViewController.swift in Sources */,
				03B4712A2283B2B300DD773C /* SuggestedTagsViewController.swift in Sources */,
			);
			runOnlyForDeploymentPostprocessing = 0;
		};
/* End PBXSourcesBuildPhase section */

/* Begin PBXVariantGroup section */
		018B044F2176E474008C34D7 /* Main.storyboard */ = {
			isa = PBXVariantGroup;
			children = (
				018B04502176E474008C34D7 /* Base */,
			);
			name = Main.storyboard;
			sourceTree = "<group>";
		};
/* End PBXVariantGroup section */

/* Begin XCBuildConfiguration section */
		01527D0120E1D3B200B5042A /* Debug */ = {
			isa = XCBuildConfiguration;
			buildSettings = {
				ALWAYS_SEARCH_USER_PATHS = NO;
				CLANG_ANALYZER_NONNULL = YES;
				CLANG_ANALYZER_NUMBER_OBJECT_CONVERSION = YES_AGGRESSIVE;
				CLANG_CXX_LANGUAGE_STANDARD = "gnu++14";
				CLANG_CXX_LIBRARY = "libc++";
				CLANG_ENABLE_MODULES = YES;
				CLANG_ENABLE_OBJC_ARC = YES;
				CLANG_ENABLE_OBJC_WEAK = YES;
				CLANG_WARN_BLOCK_CAPTURE_AUTORELEASING = YES;
				CLANG_WARN_BOOL_CONVERSION = YES;
				CLANG_WARN_COMMA = YES;
				CLANG_WARN_CONSTANT_CONVERSION = YES;
				CLANG_WARN_DEPRECATED_OBJC_IMPLEMENTATIONS = YES;
				CLANG_WARN_DIRECT_OBJC_ISA_USAGE = YES_ERROR;
				CLANG_WARN_DOCUMENTATION_COMMENTS = YES;
				CLANG_WARN_EMPTY_BODY = YES;
				CLANG_WARN_ENUM_CONVERSION = YES;
				CLANG_WARN_INFINITE_RECURSION = YES;
				CLANG_WARN_INT_CONVERSION = YES;
				CLANG_WARN_NON_LITERAL_NULL_CONVERSION = YES;
				CLANG_WARN_OBJC_IMPLICIT_RETAIN_SELF = YES;
				CLANG_WARN_OBJC_LITERAL_CONVERSION = YES;
				CLANG_WARN_OBJC_ROOT_CLASS = YES_ERROR;
				CLANG_WARN_RANGE_LOOP_ANALYSIS = YES;
				CLANG_WARN_STRICT_PROTOTYPES = YES;
				CLANG_WARN_SUSPICIOUS_MOVE = YES;
				CLANG_WARN_UNGUARDED_AVAILABILITY = YES_AGGRESSIVE;
				CLANG_WARN_UNREACHABLE_CODE = YES;
				CLANG_WARN__DUPLICATE_METHOD_MATCH = YES;
				CODE_SIGN_IDENTITY = "iPhone Developer";
				COPY_PHASE_STRIP = NO;
				DEBUG_INFORMATION_FORMAT = dwarf;
				ENABLE_STRICT_OBJC_MSGSEND = YES;
				ENABLE_TESTABILITY = YES;
				GCC_C_LANGUAGE_STANDARD = gnu11;
				GCC_DYNAMIC_NO_PIC = NO;
				GCC_NO_COMMON_BLOCKS = YES;
				GCC_OPTIMIZATION_LEVEL = 0;
				GCC_PREPROCESSOR_DEFINITIONS = (
					"DEBUG=1",
					"$(inherited)",
				);
				GCC_WARN_64_TO_32_BIT_CONVERSION = YES;
				GCC_WARN_ABOUT_RETURN_TYPE = YES_ERROR;
				GCC_WARN_UNDECLARED_SELECTOR = YES;
				GCC_WARN_UNINITIALIZED_AUTOS = YES_AGGRESSIVE;
				GCC_WARN_UNUSED_FUNCTION = YES;
				GCC_WARN_UNUSED_VARIABLE = YES;
				IPHONEOS_DEPLOYMENT_TARGET = 10.0;
				MTL_ENABLE_DEBUG_INFO = YES;
				ONLY_ACTIVE_ARCH = YES;
				SDKROOT = iphoneos;
				SWIFT_ACTIVE_COMPILATION_CONDITIONS = DEBUG;
				SWIFT_OPTIMIZATION_LEVEL = "-Onone";
				SWIFT_VERSION = 4.2;
			};
			name = Debug;
		};
		01527D0220E1D3B200B5042A /* Release */ = {
			isa = XCBuildConfiguration;
			buildSettings = {
				ALWAYS_SEARCH_USER_PATHS = NO;
				CLANG_ANALYZER_NONNULL = YES;
				CLANG_ANALYZER_NUMBER_OBJECT_CONVERSION = YES_AGGRESSIVE;
				CLANG_CXX_LANGUAGE_STANDARD = "gnu++14";
				CLANG_CXX_LIBRARY = "libc++";
				CLANG_ENABLE_MODULES = YES;
				CLANG_ENABLE_OBJC_ARC = YES;
				CLANG_ENABLE_OBJC_WEAK = YES;
				CLANG_WARN_BLOCK_CAPTURE_AUTORELEASING = YES;
				CLANG_WARN_BOOL_CONVERSION = YES;
				CLANG_WARN_COMMA = YES;
				CLANG_WARN_CONSTANT_CONVERSION = YES;
				CLANG_WARN_DEPRECATED_OBJC_IMPLEMENTATIONS = YES;
				CLANG_WARN_DIRECT_OBJC_ISA_USAGE = YES_ERROR;
				CLANG_WARN_DOCUMENTATION_COMMENTS = YES;
				CLANG_WARN_EMPTY_BODY = YES;
				CLANG_WARN_ENUM_CONVERSION = YES;
				CLANG_WARN_INFINITE_RECURSION = YES;
				CLANG_WARN_INT_CONVERSION = YES;
				CLANG_WARN_NON_LITERAL_NULL_CONVERSION = YES;
				CLANG_WARN_OBJC_IMPLICIT_RETAIN_SELF = YES;
				CLANG_WARN_OBJC_LITERAL_CONVERSION = YES;
				CLANG_WARN_OBJC_ROOT_CLASS = YES_ERROR;
				CLANG_WARN_RANGE_LOOP_ANALYSIS = YES;
				CLANG_WARN_STRICT_PROTOTYPES = YES;
				CLANG_WARN_SUSPICIOUS_MOVE = YES;
				CLANG_WARN_UNGUARDED_AVAILABILITY = YES_AGGRESSIVE;
				CLANG_WARN_UNREACHABLE_CODE = YES;
				CLANG_WARN__DUPLICATE_METHOD_MATCH = YES;
				CODE_SIGN_IDENTITY = "iPhone Developer";
				COPY_PHASE_STRIP = NO;
				DEBUG_INFORMATION_FORMAT = "dwarf-with-dsym";
				ENABLE_NS_ASSERTIONS = NO;
				ENABLE_STRICT_OBJC_MSGSEND = YES;
				GCC_C_LANGUAGE_STANDARD = gnu11;
				GCC_NO_COMMON_BLOCKS = YES;
				GCC_WARN_64_TO_32_BIT_CONVERSION = YES;
				GCC_WARN_ABOUT_RETURN_TYPE = YES_ERROR;
				GCC_WARN_UNDECLARED_SELECTOR = YES;
				GCC_WARN_UNINITIALIZED_AUTOS = YES_AGGRESSIVE;
				GCC_WARN_UNUSED_FUNCTION = YES;
				GCC_WARN_UNUSED_VARIABLE = YES;
				IPHONEOS_DEPLOYMENT_TARGET = 10.0;
				MTL_ENABLE_DEBUG_INFO = NO;
				SDKROOT = iphoneos;
				SWIFT_COMPILATION_MODE = wholemodule;
				SWIFT_OPTIMIZATION_LEVEL = "-O";
				SWIFT_VERSION = 4.2;
				VALIDATE_PRODUCT = YES;
			};
			name = Release;
		};
		01527D0420E1D3B200B5042A /* Debug */ = {
			isa = XCBuildConfiguration;
			buildSettings = {
				ALWAYS_EMBED_SWIFT_STANDARD_LIBRARIES = YES;
				ASSETCATALOG_COMPILER_APPICON_NAME = AppIcon;
				CODE_SIGN_ENTITLEMENTS = "FrolloSDK iOS Example/FrolloSDK iOS Example.entitlements";
				CODE_SIGN_IDENTITY = "iPhone Developer";
				CODE_SIGN_STYLE = Manual;
				CURRENT_PROJECT_VERSION = 90;
				DEVELOPMENT_TEAM = 35YZT9MYCZ;
				FRAMEWORK_SEARCH_PATHS = (
					"$(inherited)",
					"$(PROJECT_DIR)/Carthage/Build/iOS",
				);
				INFOPLIST_FILE = "FrolloSDK iOS Example/Resources/Info.plist";
				LD_RUNPATH_SEARCH_PATHS = (
					"$(inherited)",
					"$(PROJECT_DIR)/Carthage/Build/iOS",
					"@executable_path/Frameworks",
				);
				PRODUCT_BUNDLE_IDENTIFIER = au.com.frollo.FrolloSDK.iOSExample;
				PRODUCT_NAME = "$(TARGET_NAME)";
				PROVISIONING_PROFILE_SPECIFIER = "match InHouse au.com.frollo.FrolloSDK.iOSExample";
				SWIFT_VERSION = 5.0;
				TARGETED_DEVICE_FAMILY = "1,2";
			};
			name = Debug;
		};
		01527D0520E1D3B200B5042A /* Release */ = {
			isa = XCBuildConfiguration;
			buildSettings = {
				ALWAYS_EMBED_SWIFT_STANDARD_LIBRARIES = YES;
				ASSETCATALOG_COMPILER_APPICON_NAME = AppIcon;
				CODE_SIGN_ENTITLEMENTS = "FrolloSDK iOS Example/FrolloSDK iOS Example.entitlements";
				CODE_SIGN_IDENTITY = "iPhone Distribution";
				CODE_SIGN_STYLE = Manual;
				CURRENT_PROJECT_VERSION = 90;
				DEVELOPMENT_TEAM = 35YZT9MYCZ;
				FRAMEWORK_SEARCH_PATHS = (
					"$(inherited)",
					"$(PROJECT_DIR)/Carthage/Build/iOS",
				);
				INFOPLIST_FILE = "FrolloSDK iOS Example/Resources/Info.plist";
				LD_RUNPATH_SEARCH_PATHS = (
					"$(inherited)",
					"$(PROJECT_DIR)/Carthage/Build/iOS",
					"@executable_path/Frameworks",
				);
				PRODUCT_BUNDLE_IDENTIFIER = au.com.frollo.FrolloSDK.iOSExample;
				PRODUCT_NAME = "$(TARGET_NAME)";
				PROVISIONING_PROFILE_SPECIFIER = "match InHouse au.com.frollo.FrolloSDK.iOSExample";
				SWIFT_VERSION = 5.0;
				TARGETED_DEVICE_FAMILY = "1,2";
			};
			name = Release;
		};
		018B04562176E476008C34D7 /* Debug */ = {
			isa = XCBuildConfiguration;
			buildSettings = {
				ASSETCATALOG_COMPILER_APPICON_NAME = "App Icon & Top Shelf Image";
				ASSETCATALOG_COMPILER_LAUNCHIMAGE_NAME = "Launch Image";
				CODE_SIGN_STYLE = Automatic;
				DEVELOPMENT_TEAM = MFREL6LQ6B;
				FRAMEWORK_SEARCH_PATHS = (
					"$(inherited)",
					"$(PROJECT_DIR)/Carthage/Build/tvOS",
				);
				INFOPLIST_FILE = "FrolloSDK tvOS Example/Resources/Info.plist";
				LD_RUNPATH_SEARCH_PATHS = (
					"$(inherited)",
					"@executable_path/Frameworks",
				);
				MTL_ENABLE_DEBUG_INFO = INCLUDE_SOURCE;
				MTL_FAST_MATH = YES;
				PRODUCT_BUNDLE_IDENTIFIER = "us.frollo.FrolloSDK.tvOS-Example";
				PRODUCT_NAME = "$(TARGET_NAME)";
				SDKROOT = appletvos;
				SWIFT_VERSION = 4.2;
				TARGETED_DEVICE_FAMILY = 3;
				TVOS_DEPLOYMENT_TARGET = 12.0;
			};
			name = Debug;
		};
		018B04572176E476008C34D7 /* Release */ = {
			isa = XCBuildConfiguration;
			buildSettings = {
				ASSETCATALOG_COMPILER_APPICON_NAME = "App Icon & Top Shelf Image";
				ASSETCATALOG_COMPILER_LAUNCHIMAGE_NAME = "Launch Image";
				CODE_SIGN_STYLE = Automatic;
				DEVELOPMENT_TEAM = MFREL6LQ6B;
				FRAMEWORK_SEARCH_PATHS = (
					"$(inherited)",
					"$(PROJECT_DIR)/Carthage/Build/tvOS",
				);
				INFOPLIST_FILE = "FrolloSDK tvOS Example/Resources/Info.plist";
				LD_RUNPATH_SEARCH_PATHS = (
					"$(inherited)",
					"@executable_path/Frameworks",
				);
				MTL_FAST_MATH = YES;
				PRODUCT_BUNDLE_IDENTIFIER = "us.frollo.FrolloSDK.tvOS-Example";
				PRODUCT_NAME = "$(TARGET_NAME)";
				SDKROOT = appletvos;
				SWIFT_VERSION = 4.2;
				TARGETED_DEVICE_FAMILY = 3;
				TVOS_DEPLOYMENT_TARGET = 12.0;
			};
			name = Release;
		};
/* End XCBuildConfiguration section */

/* Begin XCConfigurationList section */
		01527CE120E1D3B000B5042A /* Build configuration list for PBXProject "FrolloSDK Example" */ = {
			isa = XCConfigurationList;
			buildConfigurations = (
				01527D0120E1D3B200B5042A /* Debug */,
				01527D0220E1D3B200B5042A /* Release */,
			);
			defaultConfigurationIsVisible = 0;
			defaultConfigurationName = Release;
		};
		01527D0320E1D3B200B5042A /* Build configuration list for PBXNativeTarget "FrolloSDK iOS Example" */ = {
			isa = XCConfigurationList;
			buildConfigurations = (
				01527D0420E1D3B200B5042A /* Debug */,
				01527D0520E1D3B200B5042A /* Release */,
			);
			defaultConfigurationIsVisible = 0;
			defaultConfigurationName = Release;
		};
		018B04552176E476008C34D7 /* Build configuration list for PBXNativeTarget "FrolloSDK tvOS Example" */ = {
			isa = XCConfigurationList;
			buildConfigurations = (
				018B04562176E476008C34D7 /* Debug */,
				018B04572176E476008C34D7 /* Release */,
			);
			defaultConfigurationIsVisible = 0;
			defaultConfigurationName = Release;
		};
/* End XCConfigurationList section */
	};
	rootObject = 01527CDE20E1D3B000B5042A /* Project object */;
}
