// !$*UTF8*$!
{
	archiveVersion = 1;
	classes = {
	};
	objectVersion = 50;
	objects = {

/* Begin PBXBuildFile section */
		01527CEA20E1D3B000B5042A /* AppDelegate.swift in Sources */ = {isa = PBXBuildFile; fileRef = 01527CE920E1D3B000B5042A /* AppDelegate.swift */; };
		01527CEC20E1D3B000B5042A /* ViewController.swift in Sources */ = {isa = PBXBuildFile; fileRef = 01527CEB20E1D3B000B5042A /* ViewController.swift */; };
		01527CEF20E1D3B000B5042A /* Main.storyboard in Resources */ = {isa = PBXBuildFile; fileRef = 01527CED20E1D3B000B5042A /* Main.storyboard */; };
		01527CF120E1D3B200B5042A /* Assets.xcassets in Resources */ = {isa = PBXBuildFile; fileRef = 01527CF020E1D3B200B5042A /* Assets.xcassets */; };
		01527CF420E1D3B200B5042A /* LaunchScreen.storyboard in Resources */ = {isa = PBXBuildFile; fileRef = 01527CF220E1D3B200B5042A /* LaunchScreen.storyboard */; };
		01527CFF20E1D3B200B5042A /* FrolloSDK_ExampleTests.swift in Sources */ = {isa = PBXBuildFile; fileRef = 01527CFE20E1D3B200B5042A /* FrolloSDK_ExampleTests.swift */; };
		018B04412176E0A5008C34D7 /* FrolloSDK.framework in Frameworks */ = {isa = PBXBuildFile; fileRef = 018B043F2176E0A4008C34D7 /* FrolloSDK.framework */; };
		018B04422176E0A5008C34D7 /* Alamofire.framework in Frameworks */ = {isa = PBXBuildFile; fileRef = 018B04402176E0A4008C34D7 /* Alamofire.framework */; };
/* End PBXBuildFile section */

/* Begin PBXContainerItemProxy section */
		01527CFB20E1D3B200B5042A /* PBXContainerItemProxy */ = {
			isa = PBXContainerItemProxy;
			containerPortal = 01527CDE20E1D3B000B5042A /* Project object */;
			proxyType = 1;
			remoteGlobalIDString = 01527CE520E1D3B000B5042A;
			remoteInfo = "FrolloSDK Example";
		};
/* End PBXContainerItemProxy section */

/* Begin PBXFileReference section */
		01527CE620E1D3B000B5042A /* FrolloSDK Example.app */ = {isa = PBXFileReference; explicitFileType = wrapper.application; includeInIndex = 0; path = "FrolloSDK Example.app"; sourceTree = BUILT_PRODUCTS_DIR; };
		01527CE920E1D3B000B5042A /* AppDelegate.swift */ = {isa = PBXFileReference; lastKnownFileType = sourcecode.swift; path = AppDelegate.swift; sourceTree = "<group>"; };
		01527CEB20E1D3B000B5042A /* ViewController.swift */ = {isa = PBXFileReference; lastKnownFileType = sourcecode.swift; path = ViewController.swift; sourceTree = "<group>"; };
		01527CEE20E1D3B000B5042A /* Base */ = {isa = PBXFileReference; lastKnownFileType = file.storyboard; name = Base; path = Base.lproj/Main.storyboard; sourceTree = "<group>"; };
		01527CF020E1D3B200B5042A /* Assets.xcassets */ = {isa = PBXFileReference; lastKnownFileType = folder.assetcatalog; path = Assets.xcassets; sourceTree = "<group>"; };
		01527CF320E1D3B200B5042A /* Base */ = {isa = PBXFileReference; lastKnownFileType = file.storyboard; name = Base; path = Base.lproj/LaunchScreen.storyboard; sourceTree = "<group>"; };
		01527CF520E1D3B200B5042A /* Info.plist */ = {isa = PBXFileReference; lastKnownFileType = text.plist.xml; path = Info.plist; sourceTree = "<group>"; };
		01527CFA20E1D3B200B5042A /* FrolloSDK ExampleTests.xctest */ = {isa = PBXFileReference; explicitFileType = wrapper.cfbundle; includeInIndex = 0; path = "FrolloSDK ExampleTests.xctest"; sourceTree = BUILT_PRODUCTS_DIR; };
		01527CFE20E1D3B200B5042A /* FrolloSDK_ExampleTests.swift */ = {isa = PBXFileReference; lastKnownFileType = sourcecode.swift; path = FrolloSDK_ExampleTests.swift; sourceTree = "<group>"; };
		01527D0020E1D3B200B5042A /* Info.plist */ = {isa = PBXFileReference; lastKnownFileType = text.plist.xml; path = Info.plist; sourceTree = "<group>"; };
		018B043D2176E09A008C34D7 /* Cartfile */ = {isa = PBXFileReference; lastKnownFileType = text; path = Cartfile; sourceTree = "<group>"; };
		018B043E2176E09A008C34D7 /* Package.swift */ = {isa = PBXFileReference; lastKnownFileType = sourcecode.swift; path = Package.swift; sourceTree = "<group>"; };
		018B043F2176E0A4008C34D7 /* FrolloSDK.framework */ = {isa = PBXFileReference; lastKnownFileType = wrapper.framework; name = FrolloSDK.framework; path = Carthage/Build/iOS/FrolloSDK.framework; sourceTree = "<group>"; };
		018B04402176E0A4008C34D7 /* Alamofire.framework */ = {isa = PBXFileReference; lastKnownFileType = wrapper.framework; name = Alamofire.framework; path = Carthage/Build/iOS/Alamofire.framework; sourceTree = "<group>"; };
/* End PBXFileReference section */

/* Begin PBXFrameworksBuildPhase section */
		01527CE320E1D3B000B5042A /* Frameworks */ = {
			isa = PBXFrameworksBuildPhase;
			buildActionMask = 2147483647;
			files = (
				018B04412176E0A5008C34D7 /* FrolloSDK.framework in Frameworks */,
				018B04422176E0A5008C34D7 /* Alamofire.framework in Frameworks */,
			);
			runOnlyForDeploymentPostprocessing = 0;
		};
		01527CF720E1D3B200B5042A /* Frameworks */ = {
			isa = PBXFrameworksBuildPhase;
			buildActionMask = 2147483647;
			files = (
			);
			runOnlyForDeploymentPostprocessing = 0;
		};
/* End PBXFrameworksBuildPhase section */

/* Begin PBXGroup section */
		01527CDD20E1D3B000B5042A = {
			isa = PBXGroup;
			children = (
				018B043D2176E09A008C34D7 /* Cartfile */,
				018B043E2176E09A008C34D7 /* Package.swift */,
				01527CE820E1D3B000B5042A /* FrolloSDK Example */,
				01527CFD20E1D3B200B5042A /* FrolloSDK ExampleTests */,
				01527CE720E1D3B000B5042A /* Products */,
				01527D0A20E20ADC00B5042A /* Frameworks */,
			);
			sourceTree = "<group>";
		};
		01527CE720E1D3B000B5042A /* Products */ = {
			isa = PBXGroup;
			children = (
				01527CE620E1D3B000B5042A /* FrolloSDK Example.app */,
				01527CFA20E1D3B200B5042A /* FrolloSDK ExampleTests.xctest */,
			);
			name = Products;
			sourceTree = "<group>";
		};
		01527CE820E1D3B000B5042A /* FrolloSDK Example */ = {
			isa = PBXGroup;
			children = (
				01527CE920E1D3B000B5042A /* AppDelegate.swift */,
				01527CEB20E1D3B000B5042A /* ViewController.swift */,
				01527CED20E1D3B000B5042A /* Main.storyboard */,
				01527CF020E1D3B200B5042A /* Assets.xcassets */,
				01527CF220E1D3B200B5042A /* LaunchScreen.storyboard */,
				01527CF520E1D3B200B5042A /* Info.plist */,
			);
			path = "FrolloSDK Example";
			sourceTree = "<group>";
		};
		01527CFD20E1D3B200B5042A /* FrolloSDK ExampleTests */ = {
			isa = PBXGroup;
			children = (
				01527CFE20E1D3B200B5042A /* FrolloSDK_ExampleTests.swift */,
				01527D0020E1D3B200B5042A /* Info.plist */,
			);
			path = "FrolloSDK ExampleTests";
			sourceTree = "<group>";
		};
		01527D0A20E20ADC00B5042A /* Frameworks */ = {
			isa = PBXGroup;
			children = (
				018B04402176E0A4008C34D7 /* Alamofire.framework */,
				018B043F2176E0A4008C34D7 /* FrolloSDK.framework */,
			);
			name = Frameworks;
			sourceTree = "<group>";
		};
/* End PBXGroup section */

/* Begin PBXNativeTarget section */
		01527CE520E1D3B000B5042A /* FrolloSDK Example */ = {
			isa = PBXNativeTarget;
			buildConfigurationList = 01527D0320E1D3B200B5042A /* Build configuration list for PBXNativeTarget "FrolloSDK Example" */;
			buildPhases = (
				01527CE220E1D3B000B5042A /* Sources */,
				01527CE320E1D3B000B5042A /* Frameworks */,
				01527CE420E1D3B000B5042A /* Resources */,
				01527D0F20E20BA900B5042A /* Carthage Copy Frameworks */,
			);
			buildRules = (
			);
			dependencies = (
			);
			name = "FrolloSDK Example";
			productName = "FrolloSDK Example";
			productReference = 01527CE620E1D3B000B5042A /* FrolloSDK Example.app */;
			productType = "com.apple.product-type.application";
		};
		01527CF920E1D3B200B5042A /* FrolloSDK ExampleTests */ = {
			isa = PBXNativeTarget;
			buildConfigurationList = 01527D0620E1D3B200B5042A /* Build configuration list for PBXNativeTarget "FrolloSDK ExampleTests" */;
			buildPhases = (
				01527CF620E1D3B200B5042A /* Sources */,
				01527CF720E1D3B200B5042A /* Frameworks */,
				01527CF820E1D3B200B5042A /* Resources */,
			);
			buildRules = (
			);
			dependencies = (
				01527CFC20E1D3B200B5042A /* PBXTargetDependency */,
			);
			name = "FrolloSDK ExampleTests";
			productName = "FrolloSDK ExampleTests";
			productReference = 01527CFA20E1D3B200B5042A /* FrolloSDK ExampleTests.xctest */;
			productType = "com.apple.product-type.bundle.unit-test";
		};
/* End PBXNativeTarget section */

/* Begin PBXProject section */
		01527CDE20E1D3B000B5042A /* Project object */ = {
			isa = PBXProject;
			attributes = {
				LastSwiftUpdateCheck = 0940;
				LastUpgradeCheck = 0940;
				ORGANIZATIONNAME = Frollo;
				TargetAttributes = {
					01527CE520E1D3B000B5042A = {
						CreatedOnToolsVersion = 9.4.1;
					};
					01527CF920E1D3B200B5042A = {
						CreatedOnToolsVersion = 9.4.1;
						LastSwiftMigration = 1000;
						TestTargetID = 01527CE520E1D3B000B5042A;
					};
				};
			};
			buildConfigurationList = 01527CE120E1D3B000B5042A /* Build configuration list for PBXProject "FrolloSDK Example" */;
			compatibilityVersion = "Xcode 9.3";
			developmentRegion = en;
			hasScannedForEncodings = 0;
			knownRegions = (
				en,
				Base,
			);
			mainGroup = 01527CDD20E1D3B000B5042A;
			productRefGroup = 01527CE720E1D3B000B5042A /* Products */;
			projectDirPath = "";
			projectRoot = "";
			targets = (
				01527CE520E1D3B000B5042A /* FrolloSDK Example */,
				01527CF920E1D3B200B5042A /* FrolloSDK ExampleTests */,
			);
		};
/* End PBXProject section */

/* Begin PBXResourcesBuildPhase section */
		01527CE420E1D3B000B5042A /* Resources */ = {
			isa = PBXResourcesBuildPhase;
			buildActionMask = 2147483647;
			files = (
				01527CF420E1D3B200B5042A /* LaunchScreen.storyboard in Resources */,
				01527CF120E1D3B200B5042A /* Assets.xcassets in Resources */,
				01527CEF20E1D3B000B5042A /* Main.storyboard in Resources */,
			);
			runOnlyForDeploymentPostprocessing = 0;
		};
		01527CF820E1D3B200B5042A /* Resources */ = {
			isa = PBXResourcesBuildPhase;
			buildActionMask = 2147483647;
			files = (
			);
			runOnlyForDeploymentPostprocessing = 0;
		};
/* End PBXResourcesBuildPhase section */

/* Begin PBXShellScriptBuildPhase section */
		01527D0F20E20BA900B5042A /* Carthage Copy Frameworks */ = {
			isa = PBXShellScriptBuildPhase;
			buildActionMask = 2147483647;
			files = (
			);
			inputPaths = (
				"$(SRCROOT)/Carthage/Build/iOS/FrolloSDK.framework",
				"$(SRCROOT)/Carthage/Build/iOS/Alamofire.framework",
			);
			name = "Carthage Copy Frameworks";
			outputPaths = (
			);
			runOnlyForDeploymentPostprocessing = 0;
			shellPath = /bin/sh;
			shellScript = "/usr/local/bin/carthage copy-frameworks\n";
		};
/* End PBXShellScriptBuildPhase section */

/* Begin PBXSourcesBuildPhase section */
		01527CE220E1D3B000B5042A /* Sources */ = {
			isa = PBXSourcesBuildPhase;
			buildActionMask = 2147483647;
			files = (
				01527CEC20E1D3B000B5042A /* ViewController.swift in Sources */,
				01527CEA20E1D3B000B5042A /* AppDelegate.swift in Sources */,
			);
			runOnlyForDeploymentPostprocessing = 0;
		};
		01527CF620E1D3B200B5042A /* Sources */ = {
			isa = PBXSourcesBuildPhase;
			buildActionMask = 2147483647;
			files = (
				01527CFF20E1D3B200B5042A /* FrolloSDK_ExampleTests.swift in Sources */,
			);
			runOnlyForDeploymentPostprocessing = 0;
		};
/* End PBXSourcesBuildPhase section */

/* Begin PBXTargetDependency section */
		01527CFC20E1D3B200B5042A /* PBXTargetDependency */ = {
			isa = PBXTargetDependency;
			target = 01527CE520E1D3B000B5042A /* FrolloSDK Example */;
			targetProxy = 01527CFB20E1D3B200B5042A /* PBXContainerItemProxy */;
		};
/* End PBXTargetDependency section */

/* Begin PBXVariantGroup section */
		01527CED20E1D3B000B5042A /* Main.storyboard */ = {
			isa = PBXVariantGroup;
			children = (
				01527CEE20E1D3B000B5042A /* Base */,
			);
			name = Main.storyboard;
			sourceTree = "<group>";
		};
		01527CF220E1D3B200B5042A /* LaunchScreen.storyboard */ = {
			isa = PBXVariantGroup;
			children = (
				01527CF320E1D3B200B5042A /* Base */,
			);
			name = LaunchScreen.storyboard;
			sourceTree = "<group>";
		};
/* End PBXVariantGroup section */

/* Begin XCBuildConfiguration section */
		01527D0120E1D3B200B5042A /* Debug */ = {
			isa = XCBuildConfiguration;
			buildSettings = {
				ALWAYS_SEARCH_USER_PATHS = NO;
				CLANG_ANALYZER_NONNULL = YES;
				CLANG_ANALYZER_NUMBER_OBJECT_CONVERSION = YES_AGGRESSIVE;
				CLANG_CXX_LANGUAGE_STANDARD = "gnu++14";
				CLANG_CXX_LIBRARY = "libc++";
				CLANG_ENABLE_MODULES = YES;
				CLANG_ENABLE_OBJC_ARC = YES;
				CLANG_ENABLE_OBJC_WEAK = YES;
				CLANG_WARN_BLOCK_CAPTURE_AUTORELEASING = YES;
				CLANG_WARN_BOOL_CONVERSION = YES;
				CLANG_WARN_COMMA = YES;
				CLANG_WARN_CONSTANT_CONVERSION = YES;
				CLANG_WARN_DEPRECATED_OBJC_IMPLEMENTATIONS = YES;
				CLANG_WARN_DIRECT_OBJC_ISA_USAGE = YES_ERROR;
				CLANG_WARN_DOCUMENTATION_COMMENTS = YES;
				CLANG_WARN_EMPTY_BODY = YES;
				CLANG_WARN_ENUM_CONVERSION = YES;
				CLANG_WARN_INFINITE_RECURSION = YES;
				CLANG_WARN_INT_CONVERSION = YES;
				CLANG_WARN_NON_LITERAL_NULL_CONVERSION = YES;
				CLANG_WARN_OBJC_IMPLICIT_RETAIN_SELF = YES;
				CLANG_WARN_OBJC_LITERAL_CONVERSION = YES;
				CLANG_WARN_OBJC_ROOT_CLASS = YES_ERROR;
				CLANG_WARN_RANGE_LOOP_ANALYSIS = YES;
				CLANG_WARN_STRICT_PROTOTYPES = YES;
				CLANG_WARN_SUSPICIOUS_MOVE = YES;
				CLANG_WARN_UNGUARDED_AVAILABILITY = YES_AGGRESSIVE;
				CLANG_WARN_UNREACHABLE_CODE = YES;
				CLANG_WARN__DUPLICATE_METHOD_MATCH = YES;
				CODE_SIGN_IDENTITY = "iPhone Developer";
				COPY_PHASE_STRIP = NO;
				DEBUG_INFORMATION_FORMAT = dwarf;
				ENABLE_STRICT_OBJC_MSGSEND = YES;
				ENABLE_TESTABILITY = YES;
				GCC_C_LANGUAGE_STANDARD = gnu11;
				GCC_DYNAMIC_NO_PIC = NO;
				GCC_NO_COMMON_BLOCKS = YES;
				GCC_OPTIMIZATION_LEVEL = 0;
				GCC_PREPROCESSOR_DEFINITIONS = (
					"DEBUG=1",
					"$(inherited)",
				);
				GCC_WARN_64_TO_32_BIT_CONVERSION = YES;
				GCC_WARN_ABOUT_RETURN_TYPE = YES_ERROR;
				GCC_WARN_UNDECLARED_SELECTOR = YES;
				GCC_WARN_UNINITIALIZED_AUTOS = YES_AGGRESSIVE;
				GCC_WARN_UNUSED_FUNCTION = YES;
				GCC_WARN_UNUSED_VARIABLE = YES;
				IPHONEOS_DEPLOYMENT_TARGET = 10.0;
				MTL_ENABLE_DEBUG_INFO = YES;
				ONLY_ACTIVE_ARCH = YES;
				SDKROOT = iphoneos;
				SWIFT_ACTIVE_COMPILATION_CONDITIONS = DEBUG;
				SWIFT_OPTIMIZATION_LEVEL = "-Onone";
				SWIFT_VERSION = 4.2;
			};
			name = Debug;
		};
		01527D0220E1D3B200B5042A /* Release */ = {
			isa = XCBuildConfiguration;
			buildSettings = {
				ALWAYS_SEARCH_USER_PATHS = NO;
				CLANG_ANALYZER_NONNULL = YES;
				CLANG_ANALYZER_NUMBER_OBJECT_CONVERSION = YES_AGGRESSIVE;
				CLANG_CXX_LANGUAGE_STANDARD = "gnu++14";
				CLANG_CXX_LIBRARY = "libc++";
				CLANG_ENABLE_MODULES = YES;
				CLANG_ENABLE_OBJC_ARC = YES;
				CLANG_ENABLE_OBJC_WEAK = YES;
				CLANG_WARN_BLOCK_CAPTURE_AUTORELEASING = YES;
				CLANG_WARN_BOOL_CONVERSION = YES;
				CLANG_WARN_COMMA = YES;
				CLANG_WARN_CONSTANT_CONVERSION = YES;
				CLANG_WARN_DEPRECATED_OBJC_IMPLEMENTATIONS = YES;
				CLANG_WARN_DIRECT_OBJC_ISA_USAGE = YES_ERROR;
				CLANG_WARN_DOCUMENTATION_COMMENTS = YES;
				CLANG_WARN_EMPTY_BODY = YES;
				CLANG_WARN_ENUM_CONVERSION = YES;
				CLANG_WARN_INFINITE_RECURSION = YES;
				CLANG_WARN_INT_CONVERSION = YES;
				CLANG_WARN_NON_LITERAL_NULL_CONVERSION = YES;
				CLANG_WARN_OBJC_IMPLICIT_RETAIN_SELF = YES;
				CLANG_WARN_OBJC_LITERAL_CONVERSION = YES;
				CLANG_WARN_OBJC_ROOT_CLASS = YES_ERROR;
				CLANG_WARN_RANGE_LOOP_ANALYSIS = YES;
				CLANG_WARN_STRICT_PROTOTYPES = YES;
				CLANG_WARN_SUSPICIOUS_MOVE = YES;
				CLANG_WARN_UNGUARDED_AVAILABILITY = YES_AGGRESSIVE;
				CLANG_WARN_UNREACHABLE_CODE = YES;
				CLANG_WARN__DUPLICATE_METHOD_MATCH = YES;
				CODE_SIGN_IDENTITY = "iPhone Developer";
				COPY_PHASE_STRIP = NO;
				DEBUG_INFORMATION_FORMAT = "dwarf-with-dsym";
				ENABLE_NS_ASSERTIONS = NO;
				ENABLE_STRICT_OBJC_MSGSEND = YES;
				GCC_C_LANGUAGE_STANDARD = gnu11;
				GCC_NO_COMMON_BLOCKS = YES;
				GCC_WARN_64_TO_32_BIT_CONVERSION = YES;
				GCC_WARN_ABOUT_RETURN_TYPE = YES_ERROR;
				GCC_WARN_UNDECLARED_SELECTOR = YES;
				GCC_WARN_UNINITIALIZED_AUTOS = YES_AGGRESSIVE;
				GCC_WARN_UNUSED_FUNCTION = YES;
				GCC_WARN_UNUSED_VARIABLE = YES;
				IPHONEOS_DEPLOYMENT_TARGET = 10.0;
				MTL_ENABLE_DEBUG_INFO = NO;
				SDKROOT = iphoneos;
				SWIFT_COMPILATION_MODE = wholemodule;
				SWIFT_OPTIMIZATION_LEVEL = "-O";
				SWIFT_VERSION = 4.2;
				VALIDATE_PRODUCT = YES;
			};
			name = Release;
		};
		01527D0420E1D3B200B5042A /* Debug */ = {
			isa = XCBuildConfiguration;
			buildSettings = {
				ASSETCATALOG_COMPILER_APPICON_NAME = AppIcon;
				CODE_SIGN_STYLE = Automatic;
				DEVELOPMENT_TEAM = MFREL6LQ6B;
				FRAMEWORK_SEARCH_PATHS = (
					"$(inherited)",
					"$(PROJECT_DIR)/Carthage/Build/iOS",
				);
				INFOPLIST_FILE = "FrolloSDK Example/Info.plist";
				LD_RUNPATH_SEARCH_PATHS = (
					"$(inherited)",
					"$(PROJECT_DIR)/Carthage/Build/iOS",
					"@executable_path/Frameworks",
				);
				PRODUCT_BUNDLE_IDENTIFIER = "us.frollo.FrolloSDK-Example";
				PRODUCT_NAME = "$(TARGET_NAME)";
				TARGETED_DEVICE_FAMILY = "1,2";
			};
			name = Debug;
		};
		01527D0520E1D3B200B5042A /* Release */ = {
			isa = XCBuildConfiguration;
			buildSettings = {
				ASSETCATALOG_COMPILER_APPICON_NAME = AppIcon;
				CODE_SIGN_STYLE = Automatic;
				DEVELOPMENT_TEAM = MFREL6LQ6B;
				FRAMEWORK_SEARCH_PATHS = (
					"$(inherited)",
					"$(PROJECT_DIR)/Carthage/Build/iOS",
				);
				INFOPLIST_FILE = "FrolloSDK Example/Info.plist";
				LD_RUNPATH_SEARCH_PATHS = (
					"$(inherited)",
					"$(PROJECT_DIR)/Carthage/Build/iOS",
					"@executable_path/Frameworks",
				);
				PRODUCT_BUNDLE_IDENTIFIER = "us.frollo.FrolloSDK-Example";
				PRODUCT_NAME = "$(TARGET_NAME)";
				TARGETED_DEVICE_FAMILY = "1,2";
			};
			name = Release;
		};
		01527D0720E1D3B200B5042A /* Debug */ = {
			isa = XCBuildConfiguration;
			buildSettings = {
				ALWAYS_EMBED_SWIFT_STANDARD_LIBRARIES = YES;
				BUNDLE_LOADER = "$(TEST_HOST)";
				CODE_SIGN_STYLE = Automatic;
				DEVELOPMENT_TEAM = MFREL6LQ6B;
				INFOPLIST_FILE = "FrolloSDK ExampleTests/Info.plist";
				LD_RUNPATH_SEARCH_PATHS = (
					"$(inherited)",
					"@executable_path/Frameworks",
					"@loader_path/Frameworks",
				);
				PRODUCT_BUNDLE_IDENTIFIER = "us.frollo.FrolloSDK-ExampleTests";
				PRODUCT_NAME = "$(TARGET_NAME)";
				TARGETED_DEVICE_FAMILY = "1,2";
				TEST_HOST = "$(BUILT_PRODUCTS_DIR)/FrolloSDK Example.app/FrolloSDK Example";
			};
			name = Debug;
		};
		01527D0820E1D3B200B5042A /* Release */ = {
			isa = XCBuildConfiguration;
			buildSettings = {
				ALWAYS_EMBED_SWIFT_STANDARD_LIBRARIES = YES;
				BUNDLE_LOADER = "$(TEST_HOST)";
				CODE_SIGN_STYLE = Automatic;
				DEVELOPMENT_TEAM = MFREL6LQ6B;
				INFOPLIST_FILE = "FrolloSDK ExampleTests/Info.plist";
				LD_RUNPATH_SEARCH_PATHS = (
					"$(inherited)",
					"@executable_path/Frameworks",
					"@loader_path/Frameworks",
				);
				PRODUCT_BUNDLE_IDENTIFIER = "us.frollo.FrolloSDK-ExampleTests";
				PRODUCT_NAME = "$(TARGET_NAME)";
				TARGETED_DEVICE_FAMILY = "1,2";
				TEST_HOST = "$(BUILT_PRODUCTS_DIR)/FrolloSDK Example.app/FrolloSDK Example";
			};
			name = Release;
		};
/* End XCBuildConfiguration section */

/* Begin XCConfigurationList section */
		01527CE120E1D3B000B5042A /* Build configuration list for PBXProject "FrolloSDK Example" */ = {
			isa = XCConfigurationList;
			buildConfigurations = (
				01527D0120E1D3B200B5042A /* Debug */,
				01527D0220E1D3B200B5042A /* Release */,
			);
			defaultConfigurationIsVisible = 0;
			defaultConfigurationName = Release;
		};
		01527D0320E1D3B200B5042A /* Build configuration list for PBXNativeTarget "FrolloSDK Example" */ = {
			isa = XCConfigurationList;
			buildConfigurations = (
				01527D0420E1D3B200B5042A /* Debug */,
				01527D0520E1D3B200B5042A /* Release */,
			);
			defaultConfigurationIsVisible = 0;
			defaultConfigurationName = Release;
		};
		01527D0620E1D3B200B5042A /* Build configuration list for PBXNativeTarget "FrolloSDK ExampleTests" */ = {
			isa = XCConfigurationList;
			buildConfigurations = (
				01527D0720E1D3B200B5042A /* Debug */,
				01527D0820E1D3B200B5042A /* Release */,
			);
			defaultConfigurationIsVisible = 0;
			defaultConfigurationName = Release;
		};
/* End XCConfigurationList section */
	};
	rootObject = 01527CDE20E1D3B000B5042A /* Project object */;
}
